// !$*UTF8*$!
{
	archiveVersion = 1;
	classes = {
	};
	objectVersion = 45;
	objects = {

/* Begin PBXBuildFile section */
		1D3623260D0F684500981E51 /* iRocAppDelegate.m in Sources */ = {isa = PBXBuildFile; fileRef = 1D3623250D0F684500981E51 /* iRocAppDelegate.m */; };
		1D60589B0D05DD56006BFB54 /* main.m in Sources */ = {isa = PBXBuildFile; fileRef = 29B97316FDCFA39411CA2CEA /* main.m */; };
		1D60589F0D05DD5A006BFB54 /* Foundation.framework in Frameworks */ = {isa = PBXBuildFile; fileRef = 1D30AB110D05D00D00671497 /* Foundation.framework */; };
		1DF5F4E00D08C38300B7A737 /* UIKit.framework in Frameworks */ = {isa = PBXBuildFile; fileRef = 1DF5F4DF0D08C38300B7A737 /* UIKit.framework */; };
		288765A50DF7441C002DB57D /* CoreGraphics.framework in Frameworks */ = {isa = PBXBuildFile; fileRef = 288765A40DF7441C002DB57D /* CoreGraphics.framework */; };
		2899E5220DE3E06400AC0155 /* iRocViewController.xib in Resources */ = {isa = PBXBuildFile; fileRef = 2899E5210DE3E06400AC0155 /* iRocViewController.xib */; };
		28AD733F0D9D9553002E5188 /* MainWindow.xib in Resources */ = {isa = PBXBuildFile; fileRef = 28AD733E0D9D9553002E5188 /* MainWindow.xib */; };
		28D7ACF80DDB3853001CB0EB /* iRocViewController.m in Sources */ = {isa = PBXBuildFile; fileRef = 28D7ACF70DDB3853001CB0EB /* iRocViewController.m */; };
		9C00EAC610B3C5820098BA59 /* IRocConnector.m in Sources */ = {isa = PBXBuildFile; fileRef = 9C00EAC510B3C5820098BA59 /* IRocConnector.m */; };
		9C00EE6210B41B490098BA59 /* thumb.png in Resources */ = {isa = PBXBuildFile; fileRef = 9C00EE6110B41B490098BA59 /* thumb.png */; };
		9C343D3010B900E500750B22 /* Settings.bundle in Resources */ = {isa = PBXBuildFile; fileRef = 9C343D2F10B900E500750B22 /* Settings.bundle */; };
		9C6FC7F410B72538009FD6FE /* ConnectController.m in Sources */ = {isa = PBXBuildFile; fileRef = 9C6FC7F210B72538009FD6FE /* ConnectController.m */; };
		9C6FC7F510B72538009FD6FE /* ConnectController.xib in Resources */ = {isa = PBXBuildFile; fileRef = 9C6FC7F310B72538009FD6FE /* ConnectController.xib */; };
		9C6FC84310B7CB0B009FD6FE /* tick.caf in Resources */ = {isa = PBXBuildFile; fileRef = 9C6FC84210B7CB0B009FD6FE /* tick.caf */; };
		9C6FC89110B7CE8F009FD6FE /* AudioToolbox.framework in Frameworks */ = {isa = PBXBuildFile; fileRef = 9C6FC89010B7CE8F009FD6FE /* AudioToolbox.framework */; };
		9C6FC8AF10B7CF05009FD6FE /* tap.aif in Resources */ = {isa = PBXBuildFile; fileRef = 9C6FC8AE10B7CF05009FD6FE /* tap.aif */; };
		9C72869310B81A4200567A8A /* iRocButton.m in Sources */ = {isa = PBXBuildFile; fileRef = 9C72869210B81A4200567A8A /* iRocButton.m */; };
		9C891DE710B44289000014D1 /* SwitchView.xib in Resources */ = {isa = PBXBuildFile; fileRef = 9C891DE610B44289000014D1 /* SwitchView.xib */; };
		9CDB1B3410B533F9001442F1 /* iRocTouchView.m in Sources */ = {isa = PBXBuildFile; fileRef = 9CDB1B3310B533F9001442F1 /* iRocTouchView.m */; };
		9CDB1BE610B54843001442F1 /* iRocView.m in Sources */ = {isa = PBXBuildFile; fileRef = 9CDB1BE510B54843001442F1 /* iRocView.m */; };
		9CDB1D5910B57C11001442F1 /* donedown.png in Resources */ = {isa = PBXBuildFile; fileRef = 9CDB1D5710B57C11001442F1 /* donedown.png */; };
		9CDB1D5A10B57C11001442F1 /* doneup.png in Resources */ = {isa = PBXBuildFile; fileRef = 9CDB1D5810B57C11001442F1 /* doneup.png */; };
/* End PBXBuildFile section */

/* Begin PBXFileReference section */
		1D30AB110D05D00D00671497 /* Foundation.framework */ = {isa = PBXFileReference; lastKnownFileType = wrapper.framework; name = Foundation.framework; path = System/Library/Frameworks/Foundation.framework; sourceTree = SDKROOT; };
		1D3623240D0F684500981E51 /* iRocAppDelegate.h */ = {isa = PBXFileReference; fileEncoding = 4; lastKnownFileType = sourcecode.c.h; path = iRocAppDelegate.h; sourceTree = "<group>"; };
		1D3623250D0F684500981E51 /* iRocAppDelegate.m */ = {isa = PBXFileReference; fileEncoding = 4; lastKnownFileType = sourcecode.c.objc; path = iRocAppDelegate.m; sourceTree = "<group>"; };
		1D6058910D05DD3D006BFB54 /* iRoc.app */ = {isa = PBXFileReference; explicitFileType = wrapper.application; includeInIndex = 0; path = iRoc.app; sourceTree = BUILT_PRODUCTS_DIR; };
		1DF5F4DF0D08C38300B7A737 /* UIKit.framework */ = {isa = PBXFileReference; lastKnownFileType = wrapper.framework; name = UIKit.framework; path = System/Library/Frameworks/UIKit.framework; sourceTree = SDKROOT; };
		288765A40DF7441C002DB57D /* CoreGraphics.framework */ = {isa = PBXFileReference; lastKnownFileType = wrapper.framework; name = CoreGraphics.framework; path = System/Library/Frameworks/CoreGraphics.framework; sourceTree = SDKROOT; };
		2899E5210DE3E06400AC0155 /* iRocViewController.xib */ = {isa = PBXFileReference; lastKnownFileType = file.xib; path = iRocViewController.xib; sourceTree = "<group>"; };
		28AD733E0D9D9553002E5188 /* MainWindow.xib */ = {isa = PBXFileReference; lastKnownFileType = file.xib; path = MainWindow.xib; sourceTree = "<group>"; };
		28D7ACF60DDB3853001CB0EB /* iRocViewController.h */ = {isa = PBXFileReference; fileEncoding = 4; lastKnownFileType = sourcecode.c.h; path = iRocViewController.h; sourceTree = "<group>"; };
		28D7ACF70DDB3853001CB0EB /* iRocViewController.m */ = {isa = PBXFileReference; fileEncoding = 4; lastKnownFileType = sourcecode.c.objc; path = iRocViewController.m; sourceTree = "<group>"; };
		29B97316FDCFA39411CA2CEA /* main.m */ = {isa = PBXFileReference; fileEncoding = 4; lastKnownFileType = sourcecode.c.objc; path = main.m; sourceTree = "<group>"; };
		32CA4F630368D1EE00C91783 /* iRoc_Prefix.pch */ = {isa = PBXFileReference; fileEncoding = 4; lastKnownFileType = sourcecode.c.h; path = iRoc_Prefix.pch; sourceTree = "<group>"; };
		8D1107310486CEB800E47090 /* iRoc-Info.plist */ = {isa = PBXFileReference; fileEncoding = 4; lastKnownFileType = text.plist.xml; path = "iRoc-Info.plist"; plistStructureDefinitionIdentifier = "com.apple.xcode.plist.structure-definition.iphone.info-plist"; sourceTree = "<group>"; };
		9C00EAC410B3C5820098BA59 /* IRocConnector.h */ = {isa = PBXFileReference; fileEncoding = 4; lastKnownFileType = sourcecode.c.h; name = IRocConnector.h; path = ../IRocConnector.h; sourceTree = "<group>"; };
		9C00EAC510B3C5820098BA59 /* IRocConnector.m */ = {isa = PBXFileReference; fileEncoding = 4; lastKnownFileType = sourcecode.c.objc; name = IRocConnector.m; path = ../IRocConnector.m; sourceTree = "<group>"; };
		9C00EE6110B41B490098BA59 /* thumb.png */ = {isa = PBXFileReference; lastKnownFileType = image.png; path = thumb.png; sourceTree = "<group>"; };
		9C343D2F10B900E500750B22 /* Settings.bundle */ = {isa = PBXFileReference; lastKnownFileType = "wrapper.plug-in"; path = Settings.bundle; sourceTree = "<group>"; };
		9C6FC7F110B72538009FD6FE /* ConnectController.h */ = {isa = PBXFileReference; fileEncoding = 4; lastKnownFileType = sourcecode.c.h; name = ConnectController.h; path = ../ConnectController.h; sourceTree = "<group>"; };
		9C6FC7F210B72538009FD6FE /* ConnectController.m */ = {isa = PBXFileReference; fileEncoding = 4; lastKnownFileType = sourcecode.c.objc; name = ConnectController.m; path = ../ConnectController.m; sourceTree = "<group>"; };
		9C6FC7F310B72538009FD6FE /* ConnectController.xib */ = {isa = PBXFileReference; lastKnownFileType = file.xib; path = ConnectController.xib; sourceTree = "<group>"; };
		9C6FC84210B7CB0B009FD6FE /* tick.caf */ = {isa = PBXFileReference; lastKnownFileType = file; path = tick.caf; sourceTree = "<group>"; };
		9C6FC89010B7CE8F009FD6FE /* AudioToolbox.framework */ = {isa = PBXFileReference; lastKnownFileType = wrapper.framework; name = AudioToolbox.framework; path = /System/Library/Frameworks/AudioToolbox.framework; sourceTree = "<absolute>"; };
		9C6FC8AE10B7CF05009FD6FE /* tap.aif */ = {isa = PBXFileReference; lastKnownFileType = file; path = tap.aif; sourceTree = "<group>"; };
		9C72869110B81A4200567A8A /* iRocButton.h */ = {isa = PBXFileReference; fileEncoding = 4; lastKnownFileType = sourcecode.c.h; path = iRocButton.h; sourceTree = "<group>"; };
		9C72869210B81A4200567A8A /* iRocButton.m */ = {isa = PBXFileReference; fileEncoding = 4; lastKnownFileType = sourcecode.c.objc; path = iRocButton.m; sourceTree = "<group>"; };
		9C7286BB10B8227C00567A8A /* round.h */ = {isa = PBXFileReference; fileEncoding = 4; lastKnownFileType = sourcecode.c.h; path = round.h; sourceTree = "<group>"; };
		9C891DE610B44289000014D1 /* SwitchView.xib */ = {isa = PBXFileReference; lastKnownFileType = file.xib; path = SwitchView.xib; sourceTree = "<group>"; };
		9CDB1B3210B533F9001442F1 /* iRocTouchView.h */ = {isa = PBXFileReference; fileEncoding = 4; lastKnownFileType = sourcecode.c.h; path = iRocTouchView.h; sourceTree = "<group>"; };
		9CDB1B3310B533F9001442F1 /* iRocTouchView.m */ = {isa = PBXFileReference; fileEncoding = 4; lastKnownFileType = sourcecode.c.objc; path = iRocTouchView.m; sourceTree = "<group>"; };
		9CDB1BE410B54843001442F1 /* iRocView.h */ = {isa = PBXFileReference; fileEncoding = 4; lastKnownFileType = sourcecode.c.h; path = iRocView.h; sourceTree = "<group>"; };
		9CDB1BE510B54843001442F1 /* iRocView.m */ = {isa = PBXFileReference; fileEncoding = 4; lastKnownFileType = sourcecode.c.objc; path = iRocView.m; sourceTree = "<group>"; };
		9CDB1D5710B57C11001442F1 /* donedown.png */ = {isa = PBXFileReference; lastKnownFileType = image.png; path = donedown.png; sourceTree = "<group>"; };
		9CDB1D5810B57C11001442F1 /* doneup.png */ = {isa = PBXFileReference; lastKnownFileType = image.png; path = doneup.png; sourceTree = "<group>"; };
/* End PBXFileReference section */

/* Begin PBXFrameworksBuildPhase section */
		1D60588F0D05DD3D006BFB54 /* Frameworks */ = {
			isa = PBXFrameworksBuildPhase;
			buildActionMask = 2147483647;
			files = (
				1D60589F0D05DD5A006BFB54 /* Foundation.framework in Frameworks */,
				1DF5F4E00D08C38300B7A737 /* UIKit.framework in Frameworks */,
				288765A50DF7441C002DB57D /* CoreGraphics.framework in Frameworks */,
				9C6FC89110B7CE8F009FD6FE /* AudioToolbox.framework in Frameworks */,
			);
			runOnlyForDeploymentPostprocessing = 0;
		};
/* End PBXFrameworksBuildPhase section */

/* Begin PBXGroup section */
		080E96DDFE201D6D7F000001 /* Classes */ = {
			isa = PBXGroup;
			children = (
				9C6FC7F110B72538009FD6FE /* ConnectController.h */,
				9C6FC7F210B72538009FD6FE /* ConnectController.m */,
				9C00EAC410B3C5820098BA59 /* IRocConnector.h */,
				9C00EAC510B3C5820098BA59 /* IRocConnector.m */,
				1D3623240D0F684500981E51 /* iRocAppDelegate.h */,
				1D3623250D0F684500981E51 /* iRocAppDelegate.m */,
				28D7ACF60DDB3853001CB0EB /* iRocViewController.h */,
				28D7ACF70DDB3853001CB0EB /* iRocViewController.m */,
				9CDB1B3210B533F9001442F1 /* iRocTouchView.h */,
				9CDB1B3310B533F9001442F1 /* iRocTouchView.m */,
				9CDB1BE410B54843001442F1 /* iRocView.h */,
				9CDB1BE510B54843001442F1 /* iRocView.m */,
				9C72869110B81A4200567A8A /* iRocButton.h */,
				9C72869210B81A4200567A8A /* iRocButton.m */,
				9C7286BB10B8227C00567A8A /* round.h */,
			);
			path = Classes;
			sourceTree = "<group>";
		};
		19C28FACFE9D520D11CA2CBB /* Products */ = {
			isa = PBXGroup;
			children = (
				1D6058910D05DD3D006BFB54 /* iRoc.app */,
			);
			name = Products;
			sourceTree = "<group>";
		};
		29B97314FDCFA39411CA2CEA /* CustomTemplate */ = {
			isa = PBXGroup;
			children = (
				080E96DDFE201D6D7F000001 /* Classes */,
				29B97315FDCFA39411CA2CEA /* Other Sources */,
				29B97317FDCFA39411CA2CEA /* Resources */,
				29B97323FDCFA39411CA2CEA /* Frameworks */,
				19C28FACFE9D520D11CA2CBB /* Products */,
				9C343D2F10B900E500750B22 /* Settings.bundle */,
			);
			name = CustomTemplate;
			sourceTree = "<group>";
		};
		29B97315FDCFA39411CA2CEA /* Other Sources */ = {
			isa = PBXGroup;
			children = (
				32CA4F630368D1EE00C91783 /* iRoc_Prefix.pch */,
				29B97316FDCFA39411CA2CEA /* main.m */,
			);
			name = "Other Sources";
			sourceTree = "<group>";
		};
		29B97317FDCFA39411CA2CEA /* Resources */ = {
			isa = PBXGroup;
			children = (
				9C6FC8AE10B7CF05009FD6FE /* tap.aif */,
				9C6FC84210B7CB0B009FD6FE /* tick.caf */,
				9C6FC7F310B72538009FD6FE /* ConnectController.xib */,
				9CDB1D5710B57C11001442F1 /* donedown.png */,
				9CDB1D5810B57C11001442F1 /* doneup.png */,
				9C00EE6110B41B490098BA59 /* thumb.png */,
				2899E5210DE3E06400AC0155 /* iRocViewController.xib */,
				28AD733E0D9D9553002E5188 /* MainWindow.xib */,
				8D1107310486CEB800E47090 /* iRoc-Info.plist */,
				9C891DE610B44289000014D1 /* SwitchView.xib */,
			);
			name = Resources;
			sourceTree = "<group>";
		};
		29B97323FDCFA39411CA2CEA /* Frameworks */ = {
			isa = PBXGroup;
			children = (
				9C6FC89010B7CE8F009FD6FE /* AudioToolbox.framework */,
				1DF5F4DF0D08C38300B7A737 /* UIKit.framework */,
				1D30AB110D05D00D00671497 /* Foundation.framework */,
				288765A40DF7441C002DB57D /* CoreGraphics.framework */,
			);
			name = Frameworks;
			sourceTree = "<group>";
		};
/* End PBXGroup section */

/* Begin PBXNativeTarget section */
		1D6058900D05DD3D006BFB54 /* iRoc */ = {
			isa = PBXNativeTarget;
			buildConfigurationList = 1D6058960D05DD3E006BFB54 /* Build configuration list for PBXNativeTarget "iRoc" */;
			buildPhases = (
				1D60588D0D05DD3D006BFB54 /* Resources */,
				1D60588E0D05DD3D006BFB54 /* Sources */,
				1D60588F0D05DD3D006BFB54 /* Frameworks */,
			);
			buildRules = (
			);
			dependencies = (
			);
			name = iRoc;
			productName = iRoc;
			productReference = 1D6058910D05DD3D006BFB54 /* iRoc.app */;
			productType = "com.apple.product-type.application";
		};
/* End PBXNativeTarget section */

/* Begin PBXProject section */
		29B97313FDCFA39411CA2CEA /* Project object */ = {
			isa = PBXProject;
			buildConfigurationList = C01FCF4E08A954540054247B /* Build configuration list for PBXProject "iRoc" */;
			compatibilityVersion = "Xcode 3.1";
			hasScannedForEncodings = 1;
			mainGroup = 29B97314FDCFA39411CA2CEA /* CustomTemplate */;
			projectDirPath = "";
			projectRoot = "";
			targets = (
				1D6058900D05DD3D006BFB54 /* iRoc */,
			);
		};
/* End PBXProject section */

/* Begin PBXResourcesBuildPhase section */
		1D60588D0D05DD3D006BFB54 /* Resources */ = {
			isa = PBXResourcesBuildPhase;
			buildActionMask = 2147483647;
			files = (
				28AD733F0D9D9553002E5188 /* MainWindow.xib in Resources */,
				2899E5220DE3E06400AC0155 /* iRocViewController.xib in Resources */,
				9C00EE6210B41B490098BA59 /* thumb.png in Resources */,
				9C891DE710B44289000014D1 /* SwitchView.xib in Resources */,
				9CDB1D5910B57C11001442F1 /* donedown.png in Resources */,
				9CDB1D5A10B57C11001442F1 /* doneup.png in Resources */,
				9C6FC7F510B72538009FD6FE /* ConnectController.xib in Resources */,
				9C6FC84310B7CB0B009FD6FE /* tick.caf in Resources */,
				9C6FC8AF10B7CF05009FD6FE /* tap.aif in Resources */,
				9C343D3010B900E500750B22 /* Settings.bundle in Resources */,
			);
			runOnlyForDeploymentPostprocessing = 0;
		};
/* End PBXResourcesBuildPhase section */

/* Begin PBXSourcesBuildPhase section */
		1D60588E0D05DD3D006BFB54 /* Sources */ = {
			isa = PBXSourcesBuildPhase;
			buildActionMask = 2147483647;
			files = (
				1D60589B0D05DD56006BFB54 /* main.m in Sources */,
				1D3623260D0F684500981E51 /* iRocAppDelegate.m in Sources */,
				28D7ACF80DDB3853001CB0EB /* iRocViewController.m in Sources */,
				9C00EAC610B3C5820098BA59 /* IRocConnector.m in Sources */,
				9CDB1B3410B533F9001442F1 /* iRocTouchView.m in Sources */,
				9CDB1BE610B54843001442F1 /* iRocView.m in Sources */,
				9C6FC7F410B72538009FD6FE /* ConnectController.m in Sources */,
				9C72869310B81A4200567A8A /* iRocButton.m in Sources */,
			);
			runOnlyForDeploymentPostprocessing = 0;
		};
/* End PBXSourcesBuildPhase section */

/* Begin XCBuildConfiguration section */
		1D6058940D05DD3E006BFB54 /* Debug */ = {
			isa = XCBuildConfiguration;
			buildSettings = {
				ALWAYS_SEARCH_USER_PATHS = NO;
				"CODE_SIGN_IDENTITY[sdk=iphoneos*]" = "iPhone Developer: Rob Versluis (7F9852X8U2)";
				COPY_PHASE_STRIP = NO;
				GCC_DYNAMIC_NO_PIC = NO;
				GCC_OPTIMIZATION_LEVEL = 0;
				GCC_PRECOMPILE_PREFIX_HEADER = YES;
				GCC_PREFIX_HEADER = iRoc_Prefix.pch;
				INFOPLIST_FILE = "iRoc-Info.plist";
				PRODUCT_NAME = iRoc;
				"PROVISIONING_PROFILE[sdk=iphoneos*]" = "76D7D6F9-3C40-4797-9CA9-1531981CB33F";
			};
			name = Debug;
		};
		1D6058950D05DD3E006BFB54 /* Release */ = {
			isa = XCBuildConfiguration;
			buildSettings = {
				ALWAYS_SEARCH_USER_PATHS = NO;
				COPY_PHASE_STRIP = YES;
				GCC_PRECOMPILE_PREFIX_HEADER = YES;
				GCC_PREFIX_HEADER = iRoc_Prefix.pch;
				INFOPLIST_FILE = "iRoc-Info.plist";
				PRODUCT_NAME = iRoc;
			};
			name = Release;
		};
		C01FCF4F08A954540054247B /* Debug */ = {
			isa = XCBuildConfiguration;
			buildSettings = {
				ARCHS = "$(ARCHS_STANDARD_32_BIT)";
				"CODE_SIGN_IDENTITY[sdk=iphoneos*]" = "iPhone Developer";
				GCC_C_LANGUAGE_STANDARD = c99;
				GCC_WARN_ABOUT_RETURN_TYPE = YES;
				GCC_WARN_UNUSED_VARIABLE = YES;
				PREBINDING = NO;
				SDKROOT = iphoneos3.1.2;
			};
			name = Debug;
		};
		C01FCF5008A954540054247B /* Release */ = {
			isa = XCBuildConfiguration;
			buildSettings = {
				ARCHS = "$(ARCHS_STANDARD_32_BIT)";
				"CODE_SIGN_IDENTITY[sdk=iphoneos*]" = "iPhone Developer";
				GCC_C_LANGUAGE_STANDARD = c99;
				GCC_WARN_ABOUT_RETURN_TYPE = YES;
				GCC_WARN_UNUSED_VARIABLE = YES;
				PREBINDING = NO;
				SDKROOT = iphoneos3.1.2;
			};
			name = Release;
		};
/* End XCBuildConfiguration section */

/* Begin XCConfigurationList section */
		1D6058960D05DD3E006BFB54 /* Build configuration list for PBXNativeTarget "iRoc" */ = {
			isa = XCConfigurationList;
			buildConfigurations = (
				1D6058940D05DD3E006BFB54 /* Debug */,
				1D6058950D05DD3E006BFB54 /* Release */,
			);
			defaultConfigurationIsVisible = 0;
			defaultConfigurationName = Release;
		};
		C01FCF4E08A954540054247B /* Build configuration list for PBXProject "iRoc" */ = {
			isa = XCConfigurationList;
			buildConfigurations = (
				C01FCF4F08A954540054247B /* Debug */,
				C01FCF5008A954540054247B /* Release */,
			);
			defaultConfigurationIsVisible = 0;
			defaultConfigurationName = Release;
		};
/* End XCConfigurationList section */
	};
	rootObject = 29B97313FDCFA39411CA2CEA /* Project object */;
}
