// !$*UTF8*$!
{
	archiveVersion = 1;
	classes = {
	};
	objectVersion = 45;
	objects = {

/* Begin PBXBuildFile section */
		1D3623260D0F684500981E51 /* iRocAppDelegate.m in Sources */ = {isa = PBXBuildFile; fileRef = 1D3623250D0F684500981E51 /* iRocAppDelegate.m */; };
		1D60589B0D05DD56006BFB54 /* main.m in Sources */ = {isa = PBXBuildFile; fileRef = 29B97316FDCFA39411CA2CEA /* main.m */; };
		1D60589F0D05DD5A006BFB54 /* Foundation.framework in Frameworks */ = {isa = PBXBuildFile; fileRef = 1D30AB110D05D00D00671497 /* Foundation.framework */; };
		1DF5F4E00D08C38300B7A737 /* UIKit.framework in Frameworks */ = {isa = PBXBuildFile; fileRef = 1DF5F4DF0D08C38300B7A737 /* UIKit.framework */; };
		288765A50DF7441C002DB57D /* CoreGraphics.framework in Frameworks */ = {isa = PBXBuildFile; fileRef = 288765A40DF7441C002DB57D /* CoreGraphics.framework */; };
		2899E5220DE3E06400AC0155 /* iRocViewController.xib in Resources */ = {isa = PBXBuildFile; fileRef = 2899E5210DE3E06400AC0155 /* iRocViewController.xib */; };
		28AD733F0D9D9553002E5188 /* MainWindow.xib in Resources */ = {isa = PBXBuildFile; fileRef = 28AD733E0D9D9553002E5188 /* MainWindow.xib */; };
		28D7ACF80DDB3853001CB0EB /* iRocViewController.m in Sources */ = {isa = PBXBuildFile; fileRef = 28D7ACF70DDB3853001CB0EB /* iRocViewController.m */; };
		9C00EAC610B3C5820098BA59 /* IRocConnector.m in Sources */ = {isa = PBXBuildFile; fileRef = 9C00EAC510B3C5820098BA59 /* IRocConnector.m */; };
		9C00EE6210B41B490098BA59 /* thumb.png in Resources */ = {isa = PBXBuildFile; fileRef = 9C00EE6110B41B490098BA59 /* thumb.png */; };
		9C31162E10CE624B005A009B /* iRocRtTableView.m in Sources */ = {isa = PBXBuildFile; fileRef = 9C31162C10CE624B005A009B /* iRocRtTableView.m */; };
		9C31162F10CE624B005A009B /* iRocRtTableView.xib in Resources */ = {isa = PBXBuildFile; fileRef = 9C31162D10CE624B005A009B /* iRocRtTableView.xib */; };
		9C343D3010B900E500750B22 /* Settings.bundle in Resources */ = {isa = PBXBuildFile; fileRef = 9C343D2F10B900E500750B22 /* Settings.bundle */; };
		9C39142010D00B6600F9C42D /* Output.m in Sources */ = {isa = PBXBuildFile; fileRef = 9C39141F10D00B6600F9C42D /* Output.m */; };
		9C39142410D00BE400F9C42D /* iRocCoTableView.m in Sources */ = {isa = PBXBuildFile; fileRef = 9C39142210D00BE400F9C42D /* iRocCoTableView.m */; };
		9C39142510D00BE400F9C42D /* iRocCoTableView.xib in Resources */ = {isa = PBXBuildFile; fileRef = 9C39142310D00BE400F9C42D /* iRocCoTableView.xib */; };
		9C5CF49C10D130720043D544 /* iRocTableView.m in Sources */ = {isa = PBXBuildFile; fileRef = 9C5CF49B10D130720043D544 /* iRocTableView.m */; };
		9C6FC84310B7CB0B009FD6FE /* tick.caf in Resources */ = {isa = PBXBuildFile; fileRef = 9C6FC84210B7CB0B009FD6FE /* tick.caf */; };
		9C6FC89110B7CE8F009FD6FE /* AudioToolbox.framework in Frameworks */ = {isa = PBXBuildFile; fileRef = 9C6FC89010B7CE8F009FD6FE /* AudioToolbox.framework */; };
		9C6FC8AF10B7CF05009FD6FE /* tap.aif in Resources */ = {isa = PBXBuildFile; fileRef = 9C6FC8AE10B7CF05009FD6FE /* tap.aif */; };
		9C713ED310D4E1D300C222B8 /* iRocLocProps.m in Sources */ = {isa = PBXBuildFile; fileRef = 9C713ED210D4E1D300C222B8 /* iRocLocProps.m */; };
		9C72869310B81A4200567A8A /* iRocButton.m in Sources */ = {isa = PBXBuildFile; fileRef = 9C72869210B81A4200567A8A /* iRocButton.m */; };
		9C7F1BE910CBF2A900ACF0A7 /* iRocAboutView.m in Sources */ = {isa = PBXBuildFile; fileRef = 9C7F1BE810CBF2A900ACF0A7 /* iRocAboutView.m */; };
		9CA62C8410CD0AF0008E37AB /* iRocLcTableView.m in Sources */ = {isa = PBXBuildFile; fileRef = 9CA62C8210CD0AF0008E37AB /* iRocLcTableView.m */; };
		9CA62C8510CD0AF0008E37AB /* iRocLcTableView.xib in Resources */ = {isa = PBXBuildFile; fileRef = 9CA62C8310CD0AF0008E37AB /* iRocLcTableView.xib */; };
		9CA62C9110CD0B6C008E37AB /* Loc.m in Sources */ = {isa = PBXBuildFile; fileRef = 9CA62C9010CD0B6C008E37AB /* Loc.m */; };
		9CAF71A610CBE78D00392643 /* iRocAboutView.xib in Resources */ = {isa = PBXBuildFile; fileRef = 9CAF71A410CBE78D00392643 /* iRocAboutView.xib */; };
		9CAFD95710B97B700029C16F /* Icon.png in Resources */ = {isa = PBXBuildFile; fileRef = 9CAFD95610B97B700029C16F /* Icon.png */; };
		9CBF0FDB10CFDC7E00FF29DA /* iRocMenuTableView.m in Sources */ = {isa = PBXBuildFile; fileRef = 9CBF0FDA10CFDC7E00FF29DA /* iRocMenuTableView.m */; };
		9CBF100210CFE0DE00FF29DA /* Switch.m in Sources */ = {isa = PBXBuildFile; fileRef = 9CBF100110CFE0DE00FF29DA /* Switch.m */; };
		9CBF101610CFE1CA00FF29DA /* iRocSwTableView.m in Sources */ = {isa = PBXBuildFile; fileRef = 9CBF101410CFE1CA00FF29DA /* iRocSwTableView.m */; };
		9CBF101710CFE1CA00FF29DA /* iRocSwTableView.xib in Resources */ = {isa = PBXBuildFile; fileRef = 9CBF101510CFE1CA00FF29DA /* iRocSwTableView.xib */; };
		9CBF11DF10CFF15900FF29DA /* 0.png in Resources */ = {isa = PBXBuildFile; fileRef = 9CBF10F810CFF15900FF29DA /* 0.png */; };
		9CBF11E110CFF15900FF29DA /* 0v.png in Resources */ = {isa = PBXBuildFile; fileRef = 9CBF10FA10CFF15900FF29DA /* 0v.png */; };
		9CBF11E310CFF15900FF29DA /* 1.png in Resources */ = {isa = PBXBuildFile; fileRef = 9CBF10FC10CFF15900FF29DA /* 1.png */; };
		9CBF11E510CFF15900FF29DA /* 1v.png in Resources */ = {isa = PBXBuildFile; fileRef = 9CBF10FE10CFF15900FF29DA /* 1v.png */; };
		9CBF11E710CFF15900FF29DA /* 2.png in Resources */ = {isa = PBXBuildFile; fileRef = 9CBF110010CFF15900FF29DA /* 2.png */; };
		9CBF11E910CFF15900FF29DA /* 2v.png in Resources */ = {isa = PBXBuildFile; fileRef = 9CBF110210CFF15900FF29DA /* 2v.png */; };
		9CBF11EB10CFF15900FF29DA /* 3.png in Resources */ = {isa = PBXBuildFile; fileRef = 9CBF110410CFF15900FF29DA /* 3.png */; };
		9CBF11ED10CFF15900FF29DA /* 3v.png in Resources */ = {isa = PBXBuildFile; fileRef = 9CBF110610CFF15900FF29DA /* 3v.png */; };
		9CBF11EF10CFF15900FF29DA /* 4.png in Resources */ = {isa = PBXBuildFile; fileRef = 9CBF110810CFF15900FF29DA /* 4.png */; };
		9CBF11F110CFF15900FF29DA /* 4v.png in Resources */ = {isa = PBXBuildFile; fileRef = 9CBF110A10CFF15900FF29DA /* 4v.png */; };
		9CBF11F310CFF15900FF29DA /* 5.png in Resources */ = {isa = PBXBuildFile; fileRef = 9CBF110C10CFF15900FF29DA /* 5.png */; };
		9CBF11F510CFF15900FF29DA /* 5v.png in Resources */ = {isa = PBXBuildFile; fileRef = 9CBF110E10CFF15900FF29DA /* 5v.png */; };
		9CBF11F710CFF15900FF29DA /* 6.png in Resources */ = {isa = PBXBuildFile; fileRef = 9CBF111010CFF15900FF29DA /* 6.png */; };
		9CBF11F910CFF15900FF29DA /* 6v.png in Resources */ = {isa = PBXBuildFile; fileRef = 9CBF111210CFF15900FF29DA /* 6v.png */; };
		9CBF11FB10CFF15900FF29DA /* 7.png in Resources */ = {isa = PBXBuildFile; fileRef = 9CBF111410CFF15900FF29DA /* 7.png */; };
		9CBF11FD10CFF15900FF29DA /* 7v.png in Resources */ = {isa = PBXBuildFile; fileRef = 9CBF111610CFF15900FF29DA /* 7v.png */; };
		9CBF11FF10CFF15900FF29DA /* 8.png in Resources */ = {isa = PBXBuildFile; fileRef = 9CBF111810CFF15900FF29DA /* 8.png */; };
		9CBF120110CFF15900FF29DA /* 8v.png in Resources */ = {isa = PBXBuildFile; fileRef = 9CBF111A10CFF15900FF29DA /* 8v.png */; };
		9CBF120310CFF15900FF29DA /* 9.png in Resources */ = {isa = PBXBuildFile; fileRef = 9CBF111C10CFF15900FF29DA /* 9.png */; };
		9CBF120510CFF15900FF29DA /* 9v.png in Resources */ = {isa = PBXBuildFile; fileRef = 9CBF111E10CFF15900FF29DA /* 9v.png */; };
		9CBF120710CFF15900FF29DA /* arrow-down.png in Resources */ = {isa = PBXBuildFile; fileRef = 9CBF112010CFF15900FF29DA /* arrow-down.png */; };
		9CBF120910CFF15900FF29DA /* arrow-left.png in Resources */ = {isa = PBXBuildFile; fileRef = 9CBF112210CFF15900FF29DA /* arrow-left.png */; };
		9CBF120B10CFF15900FF29DA /* arrow-right.png in Resources */ = {isa = PBXBuildFile; fileRef = 9CBF112410CFF15900FF29DA /* arrow-right.png */; };
		9CBF120D10CFF15900FF29DA /* arrow-up.png in Resources */ = {isa = PBXBuildFile; fileRef = 9CBF112610CFF15900FF29DA /* arrow-up.png */; };
		9CBF120F10CFF15900FF29DA /* auto.png in Resources */ = {isa = PBXBuildFile; fileRef = 9CBF112810CFF15900FF29DA /* auto.png */; };
		9CBF121110CFF15900FF29DA /* block-l-1.png in Resources */ = {isa = PBXBuildFile; fileRef = 9CBF112A10CFF15900FF29DA /* block-l-1.png */; };
		9CBF121310CFF15900FF29DA /* block-l-2.png in Resources */ = {isa = PBXBuildFile; fileRef = 9CBF112C10CFF15900FF29DA /* block-l-2.png */; };
		9CBF121510CFF15900FF29DA /* block-r-1.png in Resources */ = {isa = PBXBuildFile; fileRef = 9CBF112E10CFF15900FF29DA /* block-r-1.png */; };
		9CBF121710CFF15900FF29DA /* block-r-2.png in Resources */ = {isa = PBXBuildFile; fileRef = 9CBF113010CFF15900FF29DA /* block-r-2.png */; };
		9CBF121910CFF15900FF29DA /* buffer-1.png in Resources */ = {isa = PBXBuildFile; fileRef = 9CBF113210CFF15900FF29DA /* buffer-1.png */; };
		9CBF121B10CFF15900FF29DA /* buffer-2.png in Resources */ = {isa = PBXBuildFile; fileRef = 9CBF113410CFF15900FF29DA /* buffer-2.png */; };
		9CBF121D10CFF15900FF29DA /* buffer-3.png in Resources */ = {isa = PBXBuildFile; fileRef = 9CBF113610CFF15900FF29DA /* buffer-3.png */; };
		9CBF121F10CFF15900FF29DA /* buffer-4.png in Resources */ = {isa = PBXBuildFile; fileRef = 9CBF113810CFF15900FF29DA /* buffer-4.png */; };
		9CBF122510CFF15900FF29DA /* cross.png in Resources */ = {isa = PBXBuildFile; fileRef = 9CBF113F10CFF15900FF29DA /* cross.png */; };
		9CBF122710CFF15900FF29DA /* curve-1.png in Resources */ = {isa = PBXBuildFile; fileRef = 9CBF114110CFF15900FF29DA /* curve-1.png */; };
		9CBF122910CFF15900FF29DA /* curve-2.png in Resources */ = {isa = PBXBuildFile; fileRef = 9CBF114310CFF15900FF29DA /* curve-2.png */; };
		9CBF122B10CFF15900FF29DA /* curve-3.png in Resources */ = {isa = PBXBuildFile; fileRef = 9CBF114510CFF15900FF29DA /* curve-3.png */; };
		9CBF122D10CFF15900FF29DA /* curve-4.png in Resources */ = {isa = PBXBuildFile; fileRef = 9CBF114710CFF15900FF29DA /* curve-4.png */; };
		9CBF122F10CFF15900FF29DA /* dcross-ls-1.png in Resources */ = {isa = PBXBuildFile; fileRef = 9CBF114910CFF15900FF29DA /* dcross-ls-1.png */; };
		9CBF123110CFF15900FF29DA /* dcross-ls-2.png in Resources */ = {isa = PBXBuildFile; fileRef = 9CBF114B10CFF15900FF29DA /* dcross-ls-2.png */; };
		9CBF123310CFF15900FF29DA /* dcross-ls-3.png in Resources */ = {isa = PBXBuildFile; fileRef = 9CBF114D10CFF15900FF29DA /* dcross-ls-3.png */; };
		9CBF123510CFF15900FF29DA /* dcross-ls-4.png in Resources */ = {isa = PBXBuildFile; fileRef = 9CBF114F10CFF15900FF29DA /* dcross-ls-4.png */; };
		9CBF123710CFF15900FF29DA /* dcross-lt-1.png in Resources */ = {isa = PBXBuildFile; fileRef = 9CBF115110CFF15900FF29DA /* dcross-lt-1.png */; };
		9CBF123910CFF15900FF29DA /* dcross-lt-2.png in Resources */ = {isa = PBXBuildFile; fileRef = 9CBF115310CFF15900FF29DA /* dcross-lt-2.png */; };
		9CBF123B10CFF15900FF29DA /* dcross-lt-3.png in Resources */ = {isa = PBXBuildFile; fileRef = 9CBF115510CFF15900FF29DA /* dcross-lt-3.png */; };
		9CBF123D10CFF15900FF29DA /* dcross-lt-4.png in Resources */ = {isa = PBXBuildFile; fileRef = 9CBF115710CFF15900FF29DA /* dcross-lt-4.png */; };
		9CBF123F10CFF15900FF29DA /* dcross-rs-1.png in Resources */ = {isa = PBXBuildFile; fileRef = 9CBF115910CFF15900FF29DA /* dcross-rs-1.png */; };
		9CBF124110CFF15900FF29DA /* dcross-rs-2.png in Resources */ = {isa = PBXBuildFile; fileRef = 9CBF115B10CFF15900FF29DA /* dcross-rs-2.png */; };
		9CBF124310CFF15900FF29DA /* dcross-rs-3.png in Resources */ = {isa = PBXBuildFile; fileRef = 9CBF115D10CFF15900FF29DA /* dcross-rs-3.png */; };
		9CBF124510CFF15900FF29DA /* dcross-rs-4.png in Resources */ = {isa = PBXBuildFile; fileRef = 9CBF115F10CFF15900FF29DA /* dcross-rs-4.png */; };
		9CBF124710CFF15900FF29DA /* dcross-rt-1.png in Resources */ = {isa = PBXBuildFile; fileRef = 9CBF116110CFF15900FF29DA /* dcross-rt-1.png */; };
		9CBF124910CFF15900FF29DA /* dcross-rt-2.png in Resources */ = {isa = PBXBuildFile; fileRef = 9CBF116310CFF15900FF29DA /* dcross-rt-2.png */; };
		9CBF124B10CFF15900FF29DA /* dcross-rt-3.png in Resources */ = {isa = PBXBuildFile; fileRef = 9CBF116510CFF15900FF29DA /* dcross-rt-3.png */; };
		9CBF124D10CFF15900FF29DA /* dcross-rt-4.png in Resources */ = {isa = PBXBuildFile; fileRef = 9CBF116710CFF15900FF29DA /* dcross-rt-4.png */; };
		9CBF124F10CFF15900FF29DA /* decoupler-1.png in Resources */ = {isa = PBXBuildFile; fileRef = 9CBF116910CFF15900FF29DA /* decoupler-1.png */; };
		9CBF125110CFF15900FF29DA /* decoupler-2.png in Resources */ = {isa = PBXBuildFile; fileRef = 9CBF116B10CFF15900FF29DA /* decoupler-2.png */; };
		9CBF125310CFF15900FF29DA /* direction.png in Resources */ = {isa = PBXBuildFile; fileRef = 9CBF116D10CFF15900FF29DA /* direction.png */; };
		9CBF125510CFF15900FF29DA /* enter.png in Resources */ = {isa = PBXBuildFile; fileRef = 9CBF116F10CFF15900FF29DA /* enter.png */; };
		9CBF125710CFF15900FF29DA /* f1.png in Resources */ = {isa = PBXBuildFile; fileRef = 9CBF117110CFF15900FF29DA /* f1.png */; };
		9CBF125910CFF15900FF29DA /* f2.png in Resources */ = {isa = PBXBuildFile; fileRef = 9CBF117310CFF15900FF29DA /* f2.png */; };
		9CBF125B10CFF15900FF29DA /* f3.png in Resources */ = {isa = PBXBuildFile; fileRef = 9CBF117510CFF15900FF29DA /* f3.png */; };
		9CBF125D10CFF15900FF29DA /* f4.png in Resources */ = {isa = PBXBuildFile; fileRef = 9CBF117710CFF15900FF29DA /* f4.png */; };
		9CBF125F10CFF15900FF29DA /* hyphen.png in Resources */ = {isa = PBXBuildFile; fileRef = 9CBF117910CFF15900FF29DA /* hyphen.png */; };
		9CBF126110CFF15900FF29DA /* hyphenv.png in Resources */ = {isa = PBXBuildFile; fileRef = 9CBF117B10CFF15900FF29DA /* hyphenv.png */; };
		9CBF126310CFF15900FF29DA /* light-off.png in Resources */ = {isa = PBXBuildFile; fileRef = 9CBF117D10CFF15900FF29DA /* light-off.png */; };
		9CBF126510CFF15900FF29DA /* light-on.png in Resources */ = {isa = PBXBuildFile; fileRef = 9CBF117F10CFF15900FF29DA /* light-on.png */; };
		9CBF126710CFF15900FF29DA /* power-off.png in Resources */ = {isa = PBXBuildFile; fileRef = 9CBF118110CFF15900FF29DA /* power-off.png */; };
		9CBF126910CFF15900FF29DA /* power-on.png in Resources */ = {isa = PBXBuildFile; fileRef = 9CBF118310CFF15900FF29DA /* power-on.png */; };
		9CBF126B10CFF15900FF29DA /* ric.png in Resources */ = {isa = PBXBuildFile; fileRef = 9CBF118510CFF15900FF29DA /* ric.png */; };
		9CBF126D10CFF15900FF29DA /* semaphore-g-1.png in Resources */ = {isa = PBXBuildFile; fileRef = 9CBF118710CFF15900FF29DA /* semaphore-g-1.png */; };
		9CBF126F10CFF15900FF29DA /* semaphore-g-2.png in Resources */ = {isa = PBXBuildFile; fileRef = 9CBF118910CFF15900FF29DA /* semaphore-g-2.png */; };
		9CBF127110CFF15900FF29DA /* semaphore-g-3.png in Resources */ = {isa = PBXBuildFile; fileRef = 9CBF118B10CFF15900FF29DA /* semaphore-g-3.png */; };
		9CBF127310CFF15900FF29DA /* semaphore-g-4.png in Resources */ = {isa = PBXBuildFile; fileRef = 9CBF118D10CFF15900FF29DA /* semaphore-g-4.png */; };
		9CBF127510CFF15900FF29DA /* semaphore-r-1.png in Resources */ = {isa = PBXBuildFile; fileRef = 9CBF118F10CFF15900FF29DA /* semaphore-r-1.png */; };
		9CBF127710CFF15900FF29DA /* semaphore-r-2.png in Resources */ = {isa = PBXBuildFile; fileRef = 9CBF119110CFF15900FF29DA /* semaphore-r-2.png */; };
		9CBF127910CFF15900FF29DA /* semaphore-r-3.png in Resources */ = {isa = PBXBuildFile; fileRef = 9CBF119310CFF15900FF29DA /* semaphore-r-3.png */; };
		9CBF127B10CFF15900FF29DA /* semaphore-r-4.png in Resources */ = {isa = PBXBuildFile; fileRef = 9CBF119510CFF15900FF29DA /* semaphore-r-4.png */; };
		9CBF127D10CFF15900FF29DA /* sensor-off-1.png in Resources */ = {isa = PBXBuildFile; fileRef = 9CBF119710CFF15900FF29DA /* sensor-off-1.png */; };
		9CBF127F10CFF15900FF29DA /* sensor-off-2.png in Resources */ = {isa = PBXBuildFile; fileRef = 9CBF119910CFF15900FF29DA /* sensor-off-2.png */; };
		9CBF128110CFF15900FF29DA /* sensor-on-1.png in Resources */ = {isa = PBXBuildFile; fileRef = 9CBF119B10CFF15900FF29DA /* sensor-on-1.png */; };
		9CBF128310CFF15900FF29DA /* sensor-on-2.png in Resources */ = {isa = PBXBuildFile; fileRef = 9CBF119D10CFF15900FF29DA /* sensor-on-2.png */; };
		9CBF128510CFF15900FF29DA /* signal-g-1.png in Resources */ = {isa = PBXBuildFile; fileRef = 9CBF119F10CFF15900FF29DA /* signal-g-1.png */; };
		9CBF128710CFF15900FF29DA /* signal-g-2.png in Resources */ = {isa = PBXBuildFile; fileRef = 9CBF11A110CFF15900FF29DA /* signal-g-2.png */; };
		9CBF128910CFF15900FF29DA /* signal-g-3.png in Resources */ = {isa = PBXBuildFile; fileRef = 9CBF11A310CFF15900FF29DA /* signal-g-3.png */; };
		9CBF128B10CFF15900FF29DA /* signal-g-4.png in Resources */ = {isa = PBXBuildFile; fileRef = 9CBF11A510CFF15900FF29DA /* signal-g-4.png */; };
		9CBF128D10CFF15900FF29DA /* signal-r-1.png in Resources */ = {isa = PBXBuildFile; fileRef = 9CBF11A710CFF15900FF29DA /* signal-r-1.png */; };
		9CBF128F10CFF15900FF29DA /* signal-r-2.png in Resources */ = {isa = PBXBuildFile; fileRef = 9CBF11A910CFF15900FF29DA /* signal-r-2.png */; };
		9CBF129110CFF15900FF29DA /* signal-r-3.png in Resources */ = {isa = PBXBuildFile; fileRef = 9CBF11AB10CFF15900FF29DA /* signal-r-3.png */; };
		9CBF129310CFF15900FF29DA /* signal-r-4.png in Resources */ = {isa = PBXBuildFile; fileRef = 9CBF11AD10CFF15900FF29DA /* signal-r-4.png */; };
		9CBF129510CFF15900FF29DA /* signal-y-1.png in Resources */ = {isa = PBXBuildFile; fileRef = 9CBF11AF10CFF15900FF29DA /* signal-y-1.png */; };
		9CBF129710CFF15900FF29DA /* signal-y-2.png in Resources */ = {isa = PBXBuildFile; fileRef = 9CBF11B110CFF15900FF29DA /* signal-y-2.png */; };
		9CBF129910CFF15900FF29DA /* signal-y-3.png in Resources */ = {isa = PBXBuildFile; fileRef = 9CBF11B310CFF15900FF29DA /* signal-y-3.png */; };
		9CBF129B10CFF15900FF29DA /* signal-y-4.png in Resources */ = {isa = PBXBuildFile; fileRef = 9CBF11B510CFF15900FF29DA /* signal-y-4.png */; };
		9CBF129D10CFF15900FF29DA /* stop.png in Resources */ = {isa = PBXBuildFile; fileRef = 9CBF11B710CFF15900FF29DA /* stop.png */; };
		9CBF12A110CFF15900FF29DA /* track-1.png in Resources */ = {isa = PBXBuildFile; fileRef = 9CBF11BB10CFF15900FF29DA /* track-1.png */; };
		9CBF12A310CFF15900FF29DA /* track-2.png in Resources */ = {isa = PBXBuildFile; fileRef = 9CBF11BD10CFF15900FF29DA /* track-2.png */; };
		9CBF12A510CFF15900FF29DA /* turnout-ls-1.png in Resources */ = {isa = PBXBuildFile; fileRef = 9CBF11BF10CFF15900FF29DA /* turnout-ls-1.png */; };
		9CBF12A710CFF15900FF29DA /* turnout-ls-2.png in Resources */ = {isa = PBXBuildFile; fileRef = 9CBF11C110CFF15900FF29DA /* turnout-ls-2.png */; };
		9CBF12A910CFF15900FF29DA /* turnout-ls-3.png in Resources */ = {isa = PBXBuildFile; fileRef = 9CBF11C310CFF15900FF29DA /* turnout-ls-3.png */; };
		9CBF12AB10CFF15900FF29DA /* turnout-ls-4.png in Resources */ = {isa = PBXBuildFile; fileRef = 9CBF11C510CFF15900FF29DA /* turnout-ls-4.png */; };
		9CBF12AD10CFF15900FF29DA /* turnout-lt-1.png in Resources */ = {isa = PBXBuildFile; fileRef = 9CBF11C710CFF15900FF29DA /* turnout-lt-1.png */; };
		9CBF12AF10CFF15900FF29DA /* turnout-lt-2.png in Resources */ = {isa = PBXBuildFile; fileRef = 9CBF11C910CFF15900FF29DA /* turnout-lt-2.png */; };
		9CBF12B110CFF15900FF29DA /* turnout-lt-3.png in Resources */ = {isa = PBXBuildFile; fileRef = 9CBF11CB10CFF15900FF29DA /* turnout-lt-3.png */; };
		9CBF12B310CFF15900FF29DA /* turnout-lt-4.png in Resources */ = {isa = PBXBuildFile; fileRef = 9CBF11CD10CFF15900FF29DA /* turnout-lt-4.png */; };
		9CBF12B510CFF15900FF29DA /* turnout-rs-1.png in Resources */ = {isa = PBXBuildFile; fileRef = 9CBF11CF10CFF15900FF29DA /* turnout-rs-1.png */; };
		9CBF12B710CFF15900FF29DA /* turnout-rs-2.png in Resources */ = {isa = PBXBuildFile; fileRef = 9CBF11D110CFF15900FF29DA /* turnout-rs-2.png */; };
		9CBF12B910CFF15900FF29DA /* turnout-rs-3.png in Resources */ = {isa = PBXBuildFile; fileRef = 9CBF11D310CFF15900FF29DA /* turnout-rs-3.png */; };
		9CBF12BB10CFF15900FF29DA /* turnout-rs-4.png in Resources */ = {isa = PBXBuildFile; fileRef = 9CBF11D510CFF15900FF29DA /* turnout-rs-4.png */; };
		9CBF12BD10CFF15900FF29DA /* turnout-rt-1.png in Resources */ = {isa = PBXBuildFile; fileRef = 9CBF11D710CFF15900FF29DA /* turnout-rt-1.png */; };
		9CBF12BF10CFF15900FF29DA /* turnout-rt-2.png in Resources */ = {isa = PBXBuildFile; fileRef = 9CBF11D910CFF15900FF29DA /* turnout-rt-2.png */; };
		9CBF12C110CFF15900FF29DA /* turnout-rt-3.png in Resources */ = {isa = PBXBuildFile; fileRef = 9CBF11DB10CFF15900FF29DA /* turnout-rt-3.png */; };
		9CBF12C310CFF15900FF29DA /* turnout-rt-4.png in Resources */ = {isa = PBXBuildFile; fileRef = 9CBF11DD10CFF15900FF29DA /* turnout-rt-4.png */; };
		9CCF669510CFD0F100F5E110 /* iRocMenuTableView.xib in Resources */ = {isa = PBXBuildFile; fileRef = 9CCF669410CFD0F100F5E110 /* iRocMenuTableView.xib */; };
		9CDB1B3410B533F9001442F1 /* iRocTouchView.m in Sources */ = {isa = PBXBuildFile; fileRef = 9CDB1B3310B533F9001442F1 /* iRocTouchView.m */; };
		9CDB1BE610B54843001442F1 /* iRocView.m in Sources */ = {isa = PBXBuildFile; fileRef = 9CDB1BE510B54843001442F1 /* iRocView.m */; };
		9CDB1D5910B57C11001442F1 /* donedown.png in Resources */ = {isa = PBXBuildFile; fileRef = 9CDB1D5710B57C11001442F1 /* donedown.png */; };
		9CDB1D5A10B57C11001442F1 /* doneup.png in Resources */ = {isa = PBXBuildFile; fileRef = 9CDB1D5810B57C11001442F1 /* doneup.png */; };
		9CDDE84610E25BAB00920C87 /* Default.png in Resources */ = {isa = PBXBuildFile; fileRef = 9CDDE84510E25BAB00920C87 /* Default.png */; };
		9CE17DD910CE857B00170A98 /* Route.m in Sources */ = {isa = PBXBuildFile; fileRef = 9CE17DD810CE857B00170A98 /* Route.m */; };
		9CFDBF6610BD081600E9E9DE /* Entitlements.plist in Resources */ = {isa = PBXBuildFile; fileRef = 9CFDBF6510BD081600E9E9DE /* Entitlements.plist */; };
/* End PBXBuildFile section */

/* Begin PBXFileReference section */
		1D30AB110D05D00D00671497 /* Foundation.framework */ = {isa = PBXFileReference; lastKnownFileType = wrapper.framework; name = Foundation.framework; path = System/Library/Frameworks/Foundation.framework; sourceTree = SDKROOT; };
		1D3623240D0F684500981E51 /* iRocAppDelegate.h */ = {isa = PBXFileReference; fileEncoding = 4; lastKnownFileType = sourcecode.c.h; path = iRocAppDelegate.h; sourceTree = "<group>"; };
		1D3623250D0F684500981E51 /* iRocAppDelegate.m */ = {isa = PBXFileReference; fileEncoding = 4; lastKnownFileType = sourcecode.c.objc; path = iRocAppDelegate.m; sourceTree = "<group>"; };
		1D6058910D05DD3D006BFB54 /* iRoc.app */ = {isa = PBXFileReference; explicitFileType = wrapper.application; includeInIndex = 0; path = iRoc.app; sourceTree = BUILT_PRODUCTS_DIR; };
		1DF5F4DF0D08C38300B7A737 /* UIKit.framework */ = {isa = PBXFileReference; lastKnownFileType = wrapper.framework; name = UIKit.framework; path = System/Library/Frameworks/UIKit.framework; sourceTree = SDKROOT; };
		288765A40DF7441C002DB57D /* CoreGraphics.framework */ = {isa = PBXFileReference; lastKnownFileType = wrapper.framework; name = CoreGraphics.framework; path = System/Library/Frameworks/CoreGraphics.framework; sourceTree = SDKROOT; };
		2899E5210DE3E06400AC0155 /* iRocViewController.xib */ = {isa = PBXFileReference; lastKnownFileType = file.xib; path = iRocViewController.xib; sourceTree = "<group>"; };
		28AD733E0D9D9553002E5188 /* MainWindow.xib */ = {isa = PBXFileReference; lastKnownFileType = file.xib; path = MainWindow.xib; sourceTree = "<group>"; };
		28D7ACF60DDB3853001CB0EB /* iRocViewController.h */ = {isa = PBXFileReference; fileEncoding = 4; lastKnownFileType = sourcecode.c.h; path = iRocViewController.h; sourceTree = "<group>"; };
		28D7ACF70DDB3853001CB0EB /* iRocViewController.m */ = {isa = PBXFileReference; fileEncoding = 4; lastKnownFileType = sourcecode.c.objc; path = iRocViewController.m; sourceTree = "<group>"; };
		29B97316FDCFA39411CA2CEA /* main.m */ = {isa = PBXFileReference; fileEncoding = 4; lastKnownFileType = sourcecode.c.objc; path = main.m; sourceTree = "<group>"; };
		32CA4F630368D1EE00C91783 /* iRoc_Prefix.pch */ = {isa = PBXFileReference; fileEncoding = 4; lastKnownFileType = sourcecode.c.h; path = iRoc_Prefix.pch; sourceTree = "<group>"; };
		8D1107310486CEB800E47090 /* iRoc-Info.plist */ = {isa = PBXFileReference; fileEncoding = 4; lastKnownFileType = text.plist.xml; path = "iRoc-Info.plist"; plistStructureDefinitionIdentifier = "com.apple.xcode.plist.structure-definition.iphone.info-plist"; sourceTree = "<group>"; };
		9C00EAC410B3C5820098BA59 /* IRocConnector.h */ = {isa = PBXFileReference; fileEncoding = 4; lastKnownFileType = sourcecode.c.h; name = IRocConnector.h; path = ../IRocConnector.h; sourceTree = "<group>"; };
		9C00EAC510B3C5820098BA59 /* IRocConnector.m */ = {isa = PBXFileReference; fileEncoding = 4; lastKnownFileType = sourcecode.c.objc; name = IRocConnector.m; path = ../IRocConnector.m; sourceTree = "<group>"; };
		9C00EE6110B41B490098BA59 /* thumb.png */ = {isa = PBXFileReference; lastKnownFileType = image.png; path = thumb.png; sourceTree = "<group>"; };
		9C076BB210CFDBC300CCA793 /* iRocMenuTableView.h */ = {isa = PBXFileReference; fileEncoding = 4; lastKnownFileType = sourcecode.c.h; path = iRocMenuTableView.h; sourceTree = "<group>"; };
		9C31162B10CE624B005A009B /* iRocRtTableView.h */ = {isa = PBXFileReference; fileEncoding = 4; lastKnownFileType = sourcecode.c.h; path = iRocRtTableView.h; sourceTree = "<group>"; };
		9C31162C10CE624B005A009B /* iRocRtTableView.m */ = {isa = PBXFileReference; fileEncoding = 4; lastKnownFileType = sourcecode.c.objc; path = iRocRtTableView.m; sourceTree = "<group>"; };
		9C31162D10CE624B005A009B /* iRocRtTableView.xib */ = {isa = PBXFileReference; lastKnownFileType = file.xib; name = iRocRtTableView.xib; path = Classes/iRocRtTableView.xib; sourceTree = "<group>"; };
		9C343D2F10B900E500750B22 /* Settings.bundle */ = {isa = PBXFileReference; lastKnownFileType = "wrapper.plug-in"; path = Settings.bundle; sourceTree = "<group>"; };
		9C39141E10D00B6600F9C42D /* Output.h */ = {isa = PBXFileReference; fileEncoding = 4; lastKnownFileType = sourcecode.c.h; path = Output.h; sourceTree = "<group>"; };
		9C39141F10D00B6600F9C42D /* Output.m */ = {isa = PBXFileReference; fileEncoding = 4; lastKnownFileType = sourcecode.c.objc; path = Output.m; sourceTree = "<group>"; };
		9C39142110D00BE400F9C42D /* iRocCoTableView.h */ = {isa = PBXFileReference; fileEncoding = 4; lastKnownFileType = sourcecode.c.h; path = iRocCoTableView.h; sourceTree = "<group>"; };
		9C39142210D00BE400F9C42D /* iRocCoTableView.m */ = {isa = PBXFileReference; fileEncoding = 4; lastKnownFileType = sourcecode.c.objc; path = iRocCoTableView.m; sourceTree = "<group>"; };
		9C39142310D00BE400F9C42D /* iRocCoTableView.xib */ = {isa = PBXFileReference; lastKnownFileType = file.xib; name = iRocCoTableView.xib; path = Classes/iRocCoTableView.xib; sourceTree = "<group>"; };
		9C5CF49A10D130720043D544 /* iRocTableView.h */ = {isa = PBXFileReference; fileEncoding = 4; lastKnownFileType = sourcecode.c.h; path = iRocTableView.h; sourceTree = "<group>"; };
		9C5CF49B10D130720043D544 /* iRocTableView.m */ = {isa = PBXFileReference; fileEncoding = 4; lastKnownFileType = sourcecode.c.objc; path = iRocTableView.m; sourceTree = "<group>"; };
		9C6FC84210B7CB0B009FD6FE /* tick.caf */ = {isa = PBXFileReference; lastKnownFileType = file; path = tick.caf; sourceTree = "<group>"; };
		9C6FC89010B7CE8F009FD6FE /* AudioToolbox.framework */ = {isa = PBXFileReference; lastKnownFileType = wrapper.framework; name = AudioToolbox.framework; path = /System/Library/Frameworks/AudioToolbox.framework; sourceTree = "<absolute>"; };
		9C6FC8AE10B7CF05009FD6FE /* tap.aif */ = {isa = PBXFileReference; lastKnownFileType = file; path = tap.aif; sourceTree = "<group>"; };
		9C713ED110D4E1D300C222B8 /* iRocLocProps.h */ = {isa = PBXFileReference; fileEncoding = 4; lastKnownFileType = sourcecode.c.h; path = iRocLocProps.h; sourceTree = "<group>"; };
		9C713ED210D4E1D300C222B8 /* iRocLocProps.m */ = {isa = PBXFileReference; fileEncoding = 4; lastKnownFileType = sourcecode.c.objc; path = iRocLocProps.m; sourceTree = "<group>"; };
		9C72869110B81A4200567A8A /* iRocButton.h */ = {isa = PBXFileReference; fileEncoding = 4; lastKnownFileType = sourcecode.c.h; path = iRocButton.h; sourceTree = "<group>"; };
		9C72869210B81A4200567A8A /* iRocButton.m */ = {isa = PBXFileReference; fileEncoding = 4; lastKnownFileType = sourcecode.c.objc; path = iRocButton.m; sourceTree = "<group>"; };
		9C7286BB10B8227C00567A8A /* round.h */ = {isa = PBXFileReference; fileEncoding = 4; lastKnownFileType = sourcecode.c.h; path = round.h; sourceTree = "<group>"; };
		9C7F1BE710CBF2A900ACF0A7 /* iRocAboutView.h */ = {isa = PBXFileReference; fileEncoding = 4; lastKnownFileType = sourcecode.c.h; path = iRocAboutView.h; sourceTree = "<group>"; };
		9C7F1BE810CBF2A900ACF0A7 /* iRocAboutView.m */ = {isa = PBXFileReference; fileEncoding = 4; lastKnownFileType = sourcecode.c.objc; path = iRocAboutView.m; sourceTree = "<group>"; };
		9CA62C8110CD0AF0008E37AB /* iRocLcTableView.h */ = {isa = PBXFileReference; fileEncoding = 4; lastKnownFileType = sourcecode.c.h; name = iRocLcTableView.h; path = ../iRocLcTableView.h; sourceTree = "<group>"; };
		9CA62C8210CD0AF0008E37AB /* iRocLcTableView.m */ = {isa = PBXFileReference; fileEncoding = 4; lastKnownFileType = sourcecode.c.objc; name = iRocLcTableView.m; path = ../iRocLcTableView.m; sourceTree = "<group>"; };
		9CA62C8310CD0AF0008E37AB /* iRocLcTableView.xib */ = {isa = PBXFileReference; lastKnownFileType = file.xib; path = iRocLcTableView.xib; sourceTree = "<group>"; };
		9CA62C8F10CD0B6C008E37AB /* Loc.h */ = {isa = PBXFileReference; fileEncoding = 4; lastKnownFileType = sourcecode.c.h; path = Loc.h; sourceTree = "<group>"; };
		9CA62C9010CD0B6C008E37AB /* Loc.m */ = {isa = PBXFileReference; fileEncoding = 4; lastKnownFileType = sourcecode.c.objc; path = Loc.m; sourceTree = "<group>"; };
		9CAF71A410CBE78D00392643 /* iRocAboutView.xib */ = {isa = PBXFileReference; lastKnownFileType = file.xib; path = iRocAboutView.xib; sourceTree = "<group>"; };
		9CAFD95610B97B700029C16F /* Icon.png */ = {isa = PBXFileReference; lastKnownFileType = image.png; path = Icon.png; sourceTree = "<group>"; };
		9CBF0FDA10CFDC7E00FF29DA /* iRocMenuTableView.m */ = {isa = PBXFileReference; fileEncoding = 4; lastKnownFileType = sourcecode.c.objc; path = iRocMenuTableView.m; sourceTree = "<group>"; };
		9CBF100010CFE0DE00FF29DA /* Switch.h */ = {isa = PBXFileReference; fileEncoding = 4; lastKnownFileType = sourcecode.c.h; path = Switch.h; sourceTree = "<group>"; };
		9CBF100110CFE0DE00FF29DA /* Switch.m */ = {isa = PBXFileReference; fileEncoding = 4; lastKnownFileType = sourcecode.c.objc; path = Switch.m; sourceTree = "<group>"; };
		9CBF101310CFE1CA00FF29DA /* iRocSwTableView.h */ = {isa = PBXFileReference; fileEncoding = 4; lastKnownFileType = sourcecode.c.h; name = iRocSwTableView.h; path = ../iRocSwTableView.h; sourceTree = "<group>"; };
		9CBF101410CFE1CA00FF29DA /* iRocSwTableView.m */ = {isa = PBXFileReference; fileEncoding = 4; lastKnownFileType = sourcecode.c.objc; name = iRocSwTableView.m; path = ../iRocSwTableView.m; sourceTree = "<group>"; };
		9CBF101510CFE1CA00FF29DA /* iRocSwTableView.xib */ = {isa = PBXFileReference; lastKnownFileType = file.xib; path = iRocSwTableView.xib; sourceTree = "<group>"; };
		9CBF10F810CFF15900FF29DA /* 0.png */ = {isa = PBXFileReference; lastKnownFileType = image.png; path = 0.png; sourceTree = "<group>"; };
		9CBF10FA10CFF15900FF29DA /* 0v.png */ = {isa = PBXFileReference; lastKnownFileType = image.png; path = 0v.png; sourceTree = "<group>"; };
		9CBF10FC10CFF15900FF29DA /* 1.png */ = {isa = PBXFileReference; lastKnownFileType = image.png; path = 1.png; sourceTree = "<group>"; };
		9CBF10FE10CFF15900FF29DA /* 1v.png */ = {isa = PBXFileReference; lastKnownFileType = image.png; path = 1v.png; sourceTree = "<group>"; };
		9CBF110010CFF15900FF29DA /* 2.png */ = {isa = PBXFileReference; lastKnownFileType = image.png; path = 2.png; sourceTree = "<group>"; };
		9CBF110210CFF15900FF29DA /* 2v.png */ = {isa = PBXFileReference; lastKnownFileType = image.png; path = 2v.png; sourceTree = "<group>"; };
		9CBF110410CFF15900FF29DA /* 3.png */ = {isa = PBXFileReference; lastKnownFileType = image.png; path = 3.png; sourceTree = "<group>"; };
		9CBF110610CFF15900FF29DA /* 3v.png */ = {isa = PBXFileReference; lastKnownFileType = image.png; path = 3v.png; sourceTree = "<group>"; };
		9CBF110810CFF15900FF29DA /* 4.png */ = {isa = PBXFileReference; lastKnownFileType = image.png; path = 4.png; sourceTree = "<group>"; };
		9CBF110A10CFF15900FF29DA /* 4v.png */ = {isa = PBXFileReference; lastKnownFileType = image.png; path = 4v.png; sourceTree = "<group>"; };
		9CBF110C10CFF15900FF29DA /* 5.png */ = {isa = PBXFileReference; lastKnownFileType = image.png; path = 5.png; sourceTree = "<group>"; };
		9CBF110E10CFF15900FF29DA /* 5v.png */ = {isa = PBXFileReference; lastKnownFileType = image.png; path = 5v.png; sourceTree = "<group>"; };
		9CBF111010CFF15900FF29DA /* 6.png */ = {isa = PBXFileReference; lastKnownFileType = image.png; path = 6.png; sourceTree = "<group>"; };
		9CBF111210CFF15900FF29DA /* 6v.png */ = {isa = PBXFileReference; lastKnownFileType = image.png; path = 6v.png; sourceTree = "<group>"; };
		9CBF111410CFF15900FF29DA /* 7.png */ = {isa = PBXFileReference; lastKnownFileType = image.png; path = 7.png; sourceTree = "<group>"; };
		9CBF111610CFF15900FF29DA /* 7v.png */ = {isa = PBXFileReference; lastKnownFileType = image.png; path = 7v.png; sourceTree = "<group>"; };
		9CBF111810CFF15900FF29DA /* 8.png */ = {isa = PBXFileReference; lastKnownFileType = image.png; path = 8.png; sourceTree = "<group>"; };
		9CBF111A10CFF15900FF29DA /* 8v.png */ = {isa = PBXFileReference; lastKnownFileType = image.png; path = 8v.png; sourceTree = "<group>"; };
		9CBF111C10CFF15900FF29DA /* 9.png */ = {isa = PBXFileReference; lastKnownFileType = image.png; path = 9.png; sourceTree = "<group>"; };
		9CBF111E10CFF15900FF29DA /* 9v.png */ = {isa = PBXFileReference; lastKnownFileType = image.png; path = 9v.png; sourceTree = "<group>"; };
		9CBF112010CFF15900FF29DA /* arrow-down.png */ = {isa = PBXFileReference; lastKnownFileType = image.png; path = "arrow-down.png"; sourceTree = "<group>"; };
		9CBF112210CFF15900FF29DA /* arrow-left.png */ = {isa = PBXFileReference; lastKnownFileType = image.png; path = "arrow-left.png"; sourceTree = "<group>"; };
		9CBF112410CFF15900FF29DA /* arrow-right.png */ = {isa = PBXFileReference; lastKnownFileType = image.png; path = "arrow-right.png"; sourceTree = "<group>"; };
		9CBF112610CFF15900FF29DA /* arrow-up.png */ = {isa = PBXFileReference; lastKnownFileType = image.png; path = "arrow-up.png"; sourceTree = "<group>"; };
		9CBF112810CFF15900FF29DA /* auto.png */ = {isa = PBXFileReference; lastKnownFileType = image.png; path = auto.png; sourceTree = "<group>"; };
		9CBF112A10CFF15900FF29DA /* block-l-1.png */ = {isa = PBXFileReference; lastKnownFileType = image.png; path = "block-l-1.png"; sourceTree = "<group>"; };
		9CBF112C10CFF15900FF29DA /* block-l-2.png */ = {isa = PBXFileReference; lastKnownFileType = image.png; path = "block-l-2.png"; sourceTree = "<group>"; };
		9CBF112E10CFF15900FF29DA /* block-r-1.png */ = {isa = PBXFileReference; lastKnownFileType = image.png; path = "block-r-1.png"; sourceTree = "<group>"; };
		9CBF113010CFF15900FF29DA /* block-r-2.png */ = {isa = PBXFileReference; lastKnownFileType = image.png; path = "block-r-2.png"; sourceTree = "<group>"; };
		9CBF113210CFF15900FF29DA /* buffer-1.png */ = {isa = PBXFileReference; lastKnownFileType = image.png; path = "buffer-1.png"; sourceTree = "<group>"; };
		9CBF113410CFF15900FF29DA /* buffer-2.png */ = {isa = PBXFileReference; lastKnownFileType = image.png; path = "buffer-2.png"; sourceTree = "<group>"; };
		9CBF113610CFF15900FF29DA /* buffer-3.png */ = {isa = PBXFileReference; lastKnownFileType = image.png; path = "buffer-3.png"; sourceTree = "<group>"; };
		9CBF113810CFF15900FF29DA /* buffer-4.png */ = {isa = PBXFileReference; lastKnownFileType = image.png; path = "buffer-4.png"; sourceTree = "<group>"; };
		9CBF113F10CFF15900FF29DA /* cross.png */ = {isa = PBXFileReference; lastKnownFileType = image.png; path = cross.png; sourceTree = "<group>"; };
		9CBF114110CFF15900FF29DA /* curve-1.png */ = {isa = PBXFileReference; lastKnownFileType = image.png; path = "curve-1.png"; sourceTree = "<group>"; };
		9CBF114310CFF15900FF29DA /* curve-2.png */ = {isa = PBXFileReference; lastKnownFileType = image.png; path = "curve-2.png"; sourceTree = "<group>"; };
		9CBF114510CFF15900FF29DA /* curve-3.png */ = {isa = PBXFileReference; lastKnownFileType = image.png; path = "curve-3.png"; sourceTree = "<group>"; };
		9CBF114710CFF15900FF29DA /* curve-4.png */ = {isa = PBXFileReference; lastKnownFileType = image.png; path = "curve-4.png"; sourceTree = "<group>"; };
		9CBF114910CFF15900FF29DA /* dcross-ls-1.png */ = {isa = PBXFileReference; lastKnownFileType = image.png; path = "dcross-ls-1.png"; sourceTree = "<group>"; };
		9CBF114B10CFF15900FF29DA /* dcross-ls-2.png */ = {isa = PBXFileReference; lastKnownFileType = image.png; path = "dcross-ls-2.png"; sourceTree = "<group>"; };
		9CBF114D10CFF15900FF29DA /* dcross-ls-3.png */ = {isa = PBXFileReference; lastKnownFileType = image.png; path = "dcross-ls-3.png"; sourceTree = "<group>"; };
		9CBF114F10CFF15900FF29DA /* dcross-ls-4.png */ = {isa = PBXFileReference; lastKnownFileType = image.png; path = "dcross-ls-4.png"; sourceTree = "<group>"; };
		9CBF115110CFF15900FF29DA /* dcross-lt-1.png */ = {isa = PBXFileReference; lastKnownFileType = image.png; path = "dcross-lt-1.png"; sourceTree = "<group>"; };
		9CBF115310CFF15900FF29DA /* dcross-lt-2.png */ = {isa = PBXFileReference; lastKnownFileType = image.png; path = "dcross-lt-2.png"; sourceTree = "<group>"; };
		9CBF115510CFF15900FF29DA /* dcross-lt-3.png */ = {isa = PBXFileReference; lastKnownFileType = image.png; path = "dcross-lt-3.png"; sourceTree = "<group>"; };
		9CBF115710CFF15900FF29DA /* dcross-lt-4.png */ = {isa = PBXFileReference; lastKnownFileType = image.png; path = "dcross-lt-4.png"; sourceTree = "<group>"; };
		9CBF115910CFF15900FF29DA /* dcross-rs-1.png */ = {isa = PBXFileReference; lastKnownFileType = image.png; path = "dcross-rs-1.png"; sourceTree = "<group>"; };
		9CBF115B10CFF15900FF29DA /* dcross-rs-2.png */ = {isa = PBXFileReference; lastKnownFileType = image.png; path = "dcross-rs-2.png"; sourceTree = "<group>"; };
		9CBF115D10CFF15900FF29DA /* dcross-rs-3.png */ = {isa = PBXFileReference; lastKnownFileType = image.png; path = "dcross-rs-3.png"; sourceTree = "<group>"; };
		9CBF115F10CFF15900FF29DA /* dcross-rs-4.png */ = {isa = PBXFileReference; lastKnownFileType = image.png; path = "dcross-rs-4.png"; sourceTree = "<group>"; };
		9CBF116110CFF15900FF29DA /* dcross-rt-1.png */ = {isa = PBXFileReference; lastKnownFileType = image.png; path = "dcross-rt-1.png"; sourceTree = "<group>"; };
		9CBF116310CFF15900FF29DA /* dcross-rt-2.png */ = {isa = PBXFileReference; lastKnownFileType = image.png; path = "dcross-rt-2.png"; sourceTree = "<group>"; };
		9CBF116510CFF15900FF29DA /* dcross-rt-3.png */ = {isa = PBXFileReference; lastKnownFileType = image.png; path = "dcross-rt-3.png"; sourceTree = "<group>"; };
		9CBF116710CFF15900FF29DA /* dcross-rt-4.png */ = {isa = PBXFileReference; lastKnownFileType = image.png; path = "dcross-rt-4.png"; sourceTree = "<group>"; };
		9CBF116910CFF15900FF29DA /* decoupler-1.png */ = {isa = PBXFileReference; lastKnownFileType = image.png; path = "decoupler-1.png"; sourceTree = "<group>"; };
		9CBF116B10CFF15900FF29DA /* decoupler-2.png */ = {isa = PBXFileReference; lastKnownFileType = image.png; path = "decoupler-2.png"; sourceTree = "<group>"; };
		9CBF116D10CFF15900FF29DA /* direction.png */ = {isa = PBXFileReference; lastKnownFileType = image.png; path = direction.png; sourceTree = "<group>"; };
		9CBF116F10CFF15900FF29DA /* enter.png */ = {isa = PBXFileReference; lastKnownFileType = image.png; path = enter.png; sourceTree = "<group>"; };
		9CBF117110CFF15900FF29DA /* f1.png */ = {isa = PBXFileReference; lastKnownFileType = image.png; path = f1.png; sourceTree = "<group>"; };
		9CBF117310CFF15900FF29DA /* f2.png */ = {isa = PBXFileReference; lastKnownFileType = image.png; path = f2.png; sourceTree = "<group>"; };
		9CBF117510CFF15900FF29DA /* f3.png */ = {isa = PBXFileReference; lastKnownFileType = image.png; path = f3.png; sourceTree = "<group>"; };
		9CBF117710CFF15900FF29DA /* f4.png */ = {isa = PBXFileReference; lastKnownFileType = image.png; path = f4.png; sourceTree = "<group>"; };
		9CBF117910CFF15900FF29DA /* hyphen.png */ = {isa = PBXFileReference; lastKnownFileType = image.png; path = hyphen.png; sourceTree = "<group>"; };
		9CBF117B10CFF15900FF29DA /* hyphenv.png */ = {isa = PBXFileReference; lastKnownFileType = image.png; path = hyphenv.png; sourceTree = "<group>"; };
		9CBF117D10CFF15900FF29DA /* light-off.png */ = {isa = PBXFileReference; lastKnownFileType = image.png; path = "light-off.png"; sourceTree = "<group>"; };
		9CBF117F10CFF15900FF29DA /* light-on.png */ = {isa = PBXFileReference; lastKnownFileType = image.png; path = "light-on.png"; sourceTree = "<group>"; };
		9CBF118110CFF15900FF29DA /* power-off.png */ = {isa = PBXFileReference; lastKnownFileType = image.png; path = "power-off.png"; sourceTree = "<group>"; };
		9CBF118310CFF15900FF29DA /* power-on.png */ = {isa = PBXFileReference; lastKnownFileType = image.png; path = "power-on.png"; sourceTree = "<group>"; };
		9CBF118510CFF15900FF29DA /* ric.png */ = {isa = PBXFileReference; lastKnownFileType = image.png; path = ric.png; sourceTree = "<group>"; };
		9CBF118710CFF15900FF29DA /* semaphore-g-1.png */ = {isa = PBXFileReference; lastKnownFileType = image.png; path = "semaphore-g-1.png"; sourceTree = "<group>"; };
		9CBF118910CFF15900FF29DA /* semaphore-g-2.png */ = {isa = PBXFileReference; lastKnownFileType = image.png; path = "semaphore-g-2.png"; sourceTree = "<group>"; };
		9CBF118B10CFF15900FF29DA /* semaphore-g-3.png */ = {isa = PBXFileReference; lastKnownFileType = image.png; path = "semaphore-g-3.png"; sourceTree = "<group>"; };
		9CBF118D10CFF15900FF29DA /* semaphore-g-4.png */ = {isa = PBXFileReference; lastKnownFileType = image.png; path = "semaphore-g-4.png"; sourceTree = "<group>"; };
		9CBF118F10CFF15900FF29DA /* semaphore-r-1.png */ = {isa = PBXFileReference; lastKnownFileType = image.png; path = "semaphore-r-1.png"; sourceTree = "<group>"; };
		9CBF119110CFF15900FF29DA /* semaphore-r-2.png */ = {isa = PBXFileReference; lastKnownFileType = image.png; path = "semaphore-r-2.png"; sourceTree = "<group>"; };
		9CBF119310CFF15900FF29DA /* semaphore-r-3.png */ = {isa = PBXFileReference; lastKnownFileType = image.png; path = "semaphore-r-3.png"; sourceTree = "<group>"; };
		9CBF119510CFF15900FF29DA /* semaphore-r-4.png */ = {isa = PBXFileReference; lastKnownFileType = image.png; path = "semaphore-r-4.png"; sourceTree = "<group>"; };
		9CBF119710CFF15900FF29DA /* sensor-off-1.png */ = {isa = PBXFileReference; lastKnownFileType = image.png; path = "sensor-off-1.png"; sourceTree = "<group>"; };
		9CBF119910CFF15900FF29DA /* sensor-off-2.png */ = {isa = PBXFileReference; lastKnownFileType = image.png; path = "sensor-off-2.png"; sourceTree = "<group>"; };
		9CBF119B10CFF15900FF29DA /* sensor-on-1.png */ = {isa = PBXFileReference; lastKnownFileType = image.png; path = "sensor-on-1.png"; sourceTree = "<group>"; };
		9CBF119D10CFF15900FF29DA /* sensor-on-2.png */ = {isa = PBXFileReference; lastKnownFileType = image.png; path = "sensor-on-2.png"; sourceTree = "<group>"; };
		9CBF119F10CFF15900FF29DA /* signal-g-1.png */ = {isa = PBXFileReference; lastKnownFileType = image.png; path = "signal-g-1.png"; sourceTree = "<group>"; };
		9CBF11A110CFF15900FF29DA /* signal-g-2.png */ = {isa = PBXFileReference; lastKnownFileType = image.png; path = "signal-g-2.png"; sourceTree = "<group>"; };
		9CBF11A310CFF15900FF29DA /* signal-g-3.png */ = {isa = PBXFileReference; lastKnownFileType = image.png; path = "signal-g-3.png"; sourceTree = "<group>"; };
		9CBF11A510CFF15900FF29DA /* signal-g-4.png */ = {isa = PBXFileReference; lastKnownFileType = image.png; path = "signal-g-4.png"; sourceTree = "<group>"; };
		9CBF11A710CFF15900FF29DA /* signal-r-1.png */ = {isa = PBXFileReference; lastKnownFileType = image.png; path = "signal-r-1.png"; sourceTree = "<group>"; };
		9CBF11A910CFF15900FF29DA /* signal-r-2.png */ = {isa = PBXFileReference; lastKnownFileType = image.png; path = "signal-r-2.png"; sourceTree = "<group>"; };
		9CBF11AB10CFF15900FF29DA /* signal-r-3.png */ = {isa = PBXFileReference; lastKnownFileType = image.png; path = "signal-r-3.png"; sourceTree = "<group>"; };
		9CBF11AD10CFF15900FF29DA /* signal-r-4.png */ = {isa = PBXFileReference; lastKnownFileType = image.png; path = "signal-r-4.png"; sourceTree = "<group>"; };
		9CBF11AF10CFF15900FF29DA /* signal-y-1.png */ = {isa = PBXFileReference; lastKnownFileType = image.png; path = "signal-y-1.png"; sourceTree = "<group>"; };
		9CBF11B110CFF15900FF29DA /* signal-y-2.png */ = {isa = PBXFileReference; lastKnownFileType = image.png; path = "signal-y-2.png"; sourceTree = "<group>"; };
		9CBF11B310CFF15900FF29DA /* signal-y-3.png */ = {isa = PBXFileReference; lastKnownFileType = image.png; path = "signal-y-3.png"; sourceTree = "<group>"; };
		9CBF11B510CFF15900FF29DA /* signal-y-4.png */ = {isa = PBXFileReference; lastKnownFileType = image.png; path = "signal-y-4.png"; sourceTree = "<group>"; };
		9CBF11B710CFF15900FF29DA /* stop.png */ = {isa = PBXFileReference; lastKnownFileType = image.png; path = stop.png; sourceTree = "<group>"; };
		9CBF11BB10CFF15900FF29DA /* track-1.png */ = {isa = PBXFileReference; lastKnownFileType = image.png; path = "track-1.png"; sourceTree = "<group>"; };
		9CBF11BD10CFF15900FF29DA /* track-2.png */ = {isa = PBXFileReference; lastKnownFileType = image.png; path = "track-2.png"; sourceTree = "<group>"; };
		9CBF11BF10CFF15900FF29DA /* turnout-ls-1.png */ = {isa = PBXFileReference; lastKnownFileType = image.png; path = "turnout-ls-1.png"; sourceTree = "<group>"; };
		9CBF11C110CFF15900FF29DA /* turnout-ls-2.png */ = {isa = PBXFileReference; lastKnownFileType = image.png; path = "turnout-ls-2.png"; sourceTree = "<group>"; };
		9CBF11C310CFF15900FF29DA /* turnout-ls-3.png */ = {isa = PBXFileReference; lastKnownFileType = image.png; path = "turnout-ls-3.png"; sourceTree = "<group>"; };
		9CBF11C510CFF15900FF29DA /* turnout-ls-4.png */ = {isa = PBXFileReference; lastKnownFileType = image.png; path = "turnout-ls-4.png"; sourceTree = "<group>"; };
		9CBF11C710CFF15900FF29DA /* turnout-lt-1.png */ = {isa = PBXFileReference; lastKnownFileType = image.png; path = "turnout-lt-1.png"; sourceTree = "<group>"; };
		9CBF11C910CFF15900FF29DA /* turnout-lt-2.png */ = {isa = PBXFileReference; lastKnownFileType = image.png; path = "turnout-lt-2.png"; sourceTree = "<group>"; };
		9CBF11CB10CFF15900FF29DA /* turnout-lt-3.png */ = {isa = PBXFileReference; lastKnownFileType = image.png; path = "turnout-lt-3.png"; sourceTree = "<group>"; };
		9CBF11CD10CFF15900FF29DA /* turnout-lt-4.png */ = {isa = PBXFileReference; lastKnownFileType = image.png; path = "turnout-lt-4.png"; sourceTree = "<group>"; };
		9CBF11CF10CFF15900FF29DA /* turnout-rs-1.png */ = {isa = PBXFileReference; lastKnownFileType = image.png; path = "turnout-rs-1.png"; sourceTree = "<group>"; };
		9CBF11D110CFF15900FF29DA /* turnout-rs-2.png */ = {isa = PBXFileReference; lastKnownFileType = image.png; path = "turnout-rs-2.png"; sourceTree = "<group>"; };
		9CBF11D310CFF15900FF29DA /* turnout-rs-3.png */ = {isa = PBXFileReference; lastKnownFileType = image.png; path = "turnout-rs-3.png"; sourceTree = "<group>"; };
		9CBF11D510CFF15900FF29DA /* turnout-rs-4.png */ = {isa = PBXFileReference; lastKnownFileType = image.png; path = "turnout-rs-4.png"; sourceTree = "<group>"; };
		9CBF11D710CFF15900FF29DA /* turnout-rt-1.png */ = {isa = PBXFileReference; lastKnownFileType = image.png; path = "turnout-rt-1.png"; sourceTree = "<group>"; };
		9CBF11D910CFF15900FF29DA /* turnout-rt-2.png */ = {isa = PBXFileReference; lastKnownFileType = image.png; path = "turnout-rt-2.png"; sourceTree = "<group>"; };
		9CBF11DB10CFF15900FF29DA /* turnout-rt-3.png */ = {isa = PBXFileReference; lastKnownFileType = image.png; path = "turnout-rt-3.png"; sourceTree = "<group>"; };
		9CBF11DD10CFF15900FF29DA /* turnout-rt-4.png */ = {isa = PBXFileReference; lastKnownFileType = image.png; path = "turnout-rt-4.png"; sourceTree = "<group>"; };
		9CCF669410CFD0F100F5E110 /* iRocMenuTableView.xib */ = {isa = PBXFileReference; lastKnownFileType = file.xib; path = iRocMenuTableView.xib; sourceTree = "<group>"; };
		9CDB1B3210B533F9001442F1 /* iRocTouchView.h */ = {isa = PBXFileReference; fileEncoding = 4; lastKnownFileType = sourcecode.c.h; path = iRocTouchView.h; sourceTree = "<group>"; };
		9CDB1B3310B533F9001442F1 /* iRocTouchView.m */ = {isa = PBXFileReference; fileEncoding = 4; lastKnownFileType = sourcecode.c.objc; path = iRocTouchView.m; sourceTree = "<group>"; };
		9CDB1BE410B54843001442F1 /* iRocView.h */ = {isa = PBXFileReference; fileEncoding = 4; lastKnownFileType = sourcecode.c.h; path = iRocView.h; sourceTree = "<group>"; };
		9CDB1BE510B54843001442F1 /* iRocView.m */ = {isa = PBXFileReference; fileEncoding = 4; lastKnownFileType = sourcecode.c.objc; path = iRocView.m; sourceTree = "<group>"; };
		9CDB1D5710B57C11001442F1 /* donedown.png */ = {isa = PBXFileReference; lastKnownFileType = image.png; path = donedown.png; sourceTree = "<group>"; };
		9CDB1D5810B57C11001442F1 /* doneup.png */ = {isa = PBXFileReference; lastKnownFileType = image.png; path = doneup.png; sourceTree = "<group>"; };
		9CDDE84510E25BAB00920C87 /* Default.png */ = {isa = PBXFileReference; lastKnownFileType = image.png; path = Default.png; sourceTree = "<group>"; };
		9CE17DD710CE857B00170A98 /* Route.h */ = {isa = PBXFileReference; fileEncoding = 4; lastKnownFileType = sourcecode.c.h; path = Route.h; sourceTree = "<group>"; };
		9CE17DD810CE857B00170A98 /* Route.m */ = {isa = PBXFileReference; fileEncoding = 4; lastKnownFileType = sourcecode.c.objc; path = Route.m; sourceTree = "<group>"; };
		9CFDBF6510BD081600E9E9DE /* Entitlements.plist */ = {isa = PBXFileReference; fileEncoding = 4; lastKnownFileType = text.plist.xml; path = Entitlements.plist; sourceTree = "<group>"; };
/* End PBXFileReference section */

/* Begin PBXFrameworksBuildPhase section */
		1D60588F0D05DD3D006BFB54 /* Frameworks */ = {
			isa = PBXFrameworksBuildPhase;
			buildActionMask = 2147483647;
			files = (
				1D60589F0D05DD5A006BFB54 /* Foundation.framework in Frameworks */,
				1DF5F4E00D08C38300B7A737 /* UIKit.framework in Frameworks */,
				288765A50DF7441C002DB57D /* CoreGraphics.framework in Frameworks */,
				9C6FC89110B7CE8F009FD6FE /* AudioToolbox.framework in Frameworks */,
			);
			runOnlyForDeploymentPostprocessing = 0;
		};
/* End PBXFrameworksBuildPhase section */

/* Begin PBXGroup section */
		080E96DDFE201D6D7F000001 /* Classes */ = {
			isa = PBXGroup;
			children = (
				9C7F1BE710CBF2A900ACF0A7 /* iRocAboutView.h */,
				9C7F1BE810CBF2A900ACF0A7 /* iRocAboutView.m */,
				9C00EAC410B3C5820098BA59 /* IRocConnector.h */,
				9C00EAC510B3C5820098BA59 /* IRocConnector.m */,
				1D3623240D0F684500981E51 /* iRocAppDelegate.h */,
				1D3623250D0F684500981E51 /* iRocAppDelegate.m */,
				28D7ACF60DDB3853001CB0EB /* iRocViewController.h */,
				28D7ACF70DDB3853001CB0EB /* iRocViewController.m */,
				9CDB1B3210B533F9001442F1 /* iRocTouchView.h */,
				9CDB1B3310B533F9001442F1 /* iRocTouchView.m */,
				9C713ED110D4E1D300C222B8 /* iRocLocProps.h */,
				9C713ED210D4E1D300C222B8 /* iRocLocProps.m */,
				9CDB1BE410B54843001442F1 /* iRocView.h */,
				9CDB1BE510B54843001442F1 /* iRocView.m */,
				9C72869110B81A4200567A8A /* iRocButton.h */,
				9C72869210B81A4200567A8A /* iRocButton.m */,
				9C7286BB10B8227C00567A8A /* round.h */,
				9C076BB210CFDBC300CCA793 /* iRocMenuTableView.h */,
				9CBF0FDA10CFDC7E00FF29DA /* iRocMenuTableView.m */,
				9CA62C8110CD0AF0008E37AB /* iRocLcTableView.h */,
				9CA62C8210CD0AF0008E37AB /* iRocLcTableView.m */,
				9C31162B10CE624B005A009B /* iRocRtTableView.h */,
				9C31162C10CE624B005A009B /* iRocRtTableView.m */,
				9CBF101310CFE1CA00FF29DA /* iRocSwTableView.h */,
				9CBF101410CFE1CA00FF29DA /* iRocSwTableView.m */,
				9C39142110D00BE400F9C42D /* iRocCoTableView.h */,
				9C39142210D00BE400F9C42D /* iRocCoTableView.m */,
				9C5CF49A10D130720043D544 /* iRocTableView.h */,
				9C5CF49B10D130720043D544 /* iRocTableView.m */,
				9CA62C8F10CD0B6C008E37AB /* Loc.h */,
				9CA62C9010CD0B6C008E37AB /* Loc.m */,
				9CE17DD710CE857B00170A98 /* Route.h */,
				9CE17DD810CE857B00170A98 /* Route.m */,
				9CBF100010CFE0DE00FF29DA /* Switch.h */,
				9CBF100110CFE0DE00FF29DA /* Switch.m */,
				9C39141E10D00B6600F9C42D /* Output.h */,
				9C39141F10D00B6600F9C42D /* Output.m */,
			);
			path = Classes;
			sourceTree = "<group>";
		};
		19C28FACFE9D520D11CA2CBB /* Products */ = {
			isa = PBXGroup;
			children = (
				1D6058910D05DD3D006BFB54 /* iRoc.app */,
			);
			name = Products;
			sourceTree = "<group>";
		};
		29B97314FDCFA39411CA2CEA /* CustomTemplate */ = {
			isa = PBXGroup;
			children = (
				080E96DDFE201D6D7F000001 /* Classes */,
				29B97315FDCFA39411CA2CEA /* Other Sources */,
				29B97317FDCFA39411CA2CEA /* Resources */,
				29B97323FDCFA39411CA2CEA /* Frameworks */,
				19C28FACFE9D520D11CA2CBB /* Products */,
				9C343D2F10B900E500750B22 /* Settings.bundle */,
				9CFDBF6510BD081600E9E9DE /* Entitlements.plist */,
			);
			name = CustomTemplate;
			sourceTree = "<group>";
		};
		29B97315FDCFA39411CA2CEA /* Other Sources */ = {
			isa = PBXGroup;
			children = (
				32CA4F630368D1EE00C91783 /* iRoc_Prefix.pch */,
				29B97316FDCFA39411CA2CEA /* main.m */,
			);
			name = "Other Sources";
			sourceTree = "<group>";
		};
		29B97317FDCFA39411CA2CEA /* Resources */ = {
			isa = PBXGroup;
			children = (
				9CAFD95610B97B700029C16F /* Icon.png */,
				9CBF10F610CFF14100FF29DA /* Symbols */,
				9C6FC8AE10B7CF05009FD6FE /* tap.aif */,
				9C6FC84210B7CB0B009FD6FE /* tick.caf */,
				9CDB1D5710B57C11001442F1 /* donedown.png */,
				9CDB1D5810B57C11001442F1 /* doneup.png */,
				9C00EE6110B41B490098BA59 /* thumb.png */,
				2899E5210DE3E06400AC0155 /* iRocViewController.xib */,
				28AD733E0D9D9553002E5188 /* MainWindow.xib */,
				8D1107310486CEB800E47090 /* iRoc-Info.plist */,
				9CAF71A410CBE78D00392643 /* iRocAboutView.xib */,
				9CCF669410CFD0F100F5E110 /* iRocMenuTableView.xib */,
				9CA62C8310CD0AF0008E37AB /* iRocLcTableView.xib */,
				9C31162D10CE624B005A009B /* iRocRtTableView.xib */,
				9CBF101510CFE1CA00FF29DA /* iRocSwTableView.xib */,
				9CDDE84510E25BAB00920C87 /* Default.png */,
			);
			name = Resources;
			sourceTree = "<group>";
		};
		29B97323FDCFA39411CA2CEA /* Frameworks */ = {
			isa = PBXGroup;
			children = (
				9C6FC89010B7CE8F009FD6FE /* AudioToolbox.framework */,
				1DF5F4DF0D08C38300B7A737 /* UIKit.framework */,
				1D30AB110D05D00D00671497 /* Foundation.framework */,
				288765A40DF7441C002DB57D /* CoreGraphics.framework */,
			);
			name = Frameworks;
			sourceTree = "<group>";
		};
		9CBF10F610CFF14100FF29DA /* Symbols */ = {
			isa = PBXGroup;
			children = (
				9C39142310D00BE400F9C42D /* iRocCoTableView.xib */,
				9CBF10F810CFF15900FF29DA /* 0.png */,
				9CBF10FA10CFF15900FF29DA /* 0v.png */,
				9CBF10FC10CFF15900FF29DA /* 1.png */,
				9CBF10FE10CFF15900FF29DA /* 1v.png */,
				9CBF110010CFF15900FF29DA /* 2.png */,
				9CBF110210CFF15900FF29DA /* 2v.png */,
				9CBF110410CFF15900FF29DA /* 3.png */,
				9CBF110610CFF15900FF29DA /* 3v.png */,
				9CBF110810CFF15900FF29DA /* 4.png */,
				9CBF110A10CFF15900FF29DA /* 4v.png */,
				9CBF110C10CFF15900FF29DA /* 5.png */,
				9CBF110E10CFF15900FF29DA /* 5v.png */,
				9CBF111010CFF15900FF29DA /* 6.png */,
				9CBF111210CFF15900FF29DA /* 6v.png */,
				9CBF111410CFF15900FF29DA /* 7.png */,
				9CBF111610CFF15900FF29DA /* 7v.png */,
				9CBF111810CFF15900FF29DA /* 8.png */,
				9CBF111A10CFF15900FF29DA /* 8v.png */,
				9CBF111C10CFF15900FF29DA /* 9.png */,
				9CBF111E10CFF15900FF29DA /* 9v.png */,
				9CBF112010CFF15900FF29DA /* arrow-down.png */,
				9CBF112210CFF15900FF29DA /* arrow-left.png */,
				9CBF112410CFF15900FF29DA /* arrow-right.png */,
				9CBF112610CFF15900FF29DA /* arrow-up.png */,
				9CBF112810CFF15900FF29DA /* auto.png */,
				9CBF112A10CFF15900FF29DA /* block-l-1.png */,
				9CBF112C10CFF15900FF29DA /* block-l-2.png */,
				9CBF112E10CFF15900FF29DA /* block-r-1.png */,
				9CBF113010CFF15900FF29DA /* block-r-2.png */,
				9CBF113210CFF15900FF29DA /* buffer-1.png */,
				9CBF113410CFF15900FF29DA /* buffer-2.png */,
				9CBF113610CFF15900FF29DA /* buffer-3.png */,
				9CBF113810CFF15900FF29DA /* buffer-4.png */,
				9CBF113F10CFF15900FF29DA /* cross.png */,
				9CBF114110CFF15900FF29DA /* curve-1.png */,
				9CBF114310CFF15900FF29DA /* curve-2.png */,
				9CBF114510CFF15900FF29DA /* curve-3.png */,
				9CBF114710CFF15900FF29DA /* curve-4.png */,
				9CBF114910CFF15900FF29DA /* dcross-ls-1.png */,
				9CBF114B10CFF15900FF29DA /* dcross-ls-2.png */,
				9CBF114D10CFF15900FF29DA /* dcross-ls-3.png */,
				9CBF114F10CFF15900FF29DA /* dcross-ls-4.png */,
				9CBF115110CFF15900FF29DA /* dcross-lt-1.png */,
				9CBF115310CFF15900FF29DA /* dcross-lt-2.png */,
				9CBF115510CFF15900FF29DA /* dcross-lt-3.png */,
				9CBF115710CFF15900FF29DA /* dcross-lt-4.png */,
				9CBF115910CFF15900FF29DA /* dcross-rs-1.png */,
				9CBF115B10CFF15900FF29DA /* dcross-rs-2.png */,
				9CBF115D10CFF15900FF29DA /* dcross-rs-3.png */,
				9CBF115F10CFF15900FF29DA /* dcross-rs-4.png */,
				9CBF116110CFF15900FF29DA /* dcross-rt-1.png */,
				9CBF116310CFF15900FF29DA /* dcross-rt-2.png */,
				9CBF116510CFF15900FF29DA /* dcross-rt-3.png */,
				9CBF116710CFF15900FF29DA /* dcross-rt-4.png */,
				9CBF116910CFF15900FF29DA /* decoupler-1.png */,
				9CBF116B10CFF15900FF29DA /* decoupler-2.png */,
				9CBF116D10CFF15900FF29DA /* direction.png */,
				9CBF116F10CFF15900FF29DA /* enter.png */,
				9CBF117110CFF15900FF29DA /* f1.png */,
				9CBF117310CFF15900FF29DA /* f2.png */,
				9CBF117510CFF15900FF29DA /* f3.png */,
				9CBF117710CFF15900FF29DA /* f4.png */,
				9CBF117910CFF15900FF29DA /* hyphen.png */,
				9CBF117B10CFF15900FF29DA /* hyphenv.png */,
				9CBF117D10CFF15900FF29DA /* light-off.png */,
				9CBF117F10CFF15900FF29DA /* light-on.png */,
				9CBF118110CFF15900FF29DA /* power-off.png */,
				9CBF118310CFF15900FF29DA /* power-on.png */,
				9CBF118510CFF15900FF29DA /* ric.png */,
				9CBF118710CFF15900FF29DA /* semaphore-g-1.png */,
				9CBF118910CFF15900FF29DA /* semaphore-g-2.png */,
				9CBF118B10CFF15900FF29DA /* semaphore-g-3.png */,
				9CBF118D10CFF15900FF29DA /* semaphore-g-4.png */,
				9CBF118F10CFF15900FF29DA /* semaphore-r-1.png */,
				9CBF119110CFF15900FF29DA /* semaphore-r-2.png */,
				9CBF119310CFF15900FF29DA /* semaphore-r-3.png */,
				9CBF119510CFF15900FF29DA /* semaphore-r-4.png */,
				9CBF119710CFF15900FF29DA /* sensor-off-1.png */,
				9CBF119910CFF15900FF29DA /* sensor-off-2.png */,
				9CBF119B10CFF15900FF29DA /* sensor-on-1.png */,
				9CBF119D10CFF15900FF29DA /* sensor-on-2.png */,
				9CBF119F10CFF15900FF29DA /* signal-g-1.png */,
				9CBF11A110CFF15900FF29DA /* signal-g-2.png */,
				9CBF11A310CFF15900FF29DA /* signal-g-3.png */,
				9CBF11A510CFF15900FF29DA /* signal-g-4.png */,
				9CBF11A710CFF15900FF29DA /* signal-r-1.png */,
				9CBF11A910CFF15900FF29DA /* signal-r-2.png */,
				9CBF11AB10CFF15900FF29DA /* signal-r-3.png */,
				9CBF11AD10CFF15900FF29DA /* signal-r-4.png */,
				9CBF11AF10CFF15900FF29DA /* signal-y-1.png */,
				9CBF11B110CFF15900FF29DA /* signal-y-2.png */,
				9CBF11B310CFF15900FF29DA /* signal-y-3.png */,
				9CBF11B510CFF15900FF29DA /* signal-y-4.png */,
				9CBF11B710CFF15900FF29DA /* stop.png */,
				9CBF11BB10CFF15900FF29DA /* track-1.png */,
				9CBF11BD10CFF15900FF29DA /* track-2.png */,
				9CBF11BF10CFF15900FF29DA /* turnout-ls-1.png */,
				9CBF11C110CFF15900FF29DA /* turnout-ls-2.png */,
				9CBF11C310CFF15900FF29DA /* turnout-ls-3.png */,
				9CBF11C510CFF15900FF29DA /* turnout-ls-4.png */,
				9CBF11C710CFF15900FF29DA /* turnout-lt-1.png */,
				9CBF11C910CFF15900FF29DA /* turnout-lt-2.png */,
				9CBF11CB10CFF15900FF29DA /* turnout-lt-3.png */,
				9CBF11CD10CFF15900FF29DA /* turnout-lt-4.png */,
				9CBF11CF10CFF15900FF29DA /* turnout-rs-1.png */,
				9CBF11D110CFF15900FF29DA /* turnout-rs-2.png */,
				9CBF11D310CFF15900FF29DA /* turnout-rs-3.png */,
				9CBF11D510CFF15900FF29DA /* turnout-rs-4.png */,
				9CBF11D710CFF15900FF29DA /* turnout-rt-1.png */,
				9CBF11D910CFF15900FF29DA /* turnout-rt-2.png */,
				9CBF11DB10CFF15900FF29DA /* turnout-rt-3.png */,
				9CBF11DD10CFF15900FF29DA /* turnout-rt-4.png */,
			);
			name = Symbols;
			sourceTree = "<group>";
		};
/* End PBXGroup section */

/* Begin PBXNativeTarget section */
		1D6058900D05DD3D006BFB54 /* iRoc */ = {
			isa = PBXNativeTarget;
			buildConfigurationList = 1D6058960D05DD3E006BFB54 /* Build configuration list for PBXNativeTarget "iRoc" */;
			buildPhases = (
				1D60588D0D05DD3D006BFB54 /* Resources */,
				1D60588E0D05DD3D006BFB54 /* Sources */,
				1D60588F0D05DD3D006BFB54 /* Frameworks */,
			);
			buildRules = (
			);
			dependencies = (
			);
			name = iRoc;
			productName = iRoc;
			productReference = 1D6058910D05DD3D006BFB54 /* iRoc.app */;
			productType = "com.apple.product-type.application";
		};
/* End PBXNativeTarget section */

/* Begin PBXProject section */
		29B97313FDCFA39411CA2CEA /* Project object */ = {
			isa = PBXProject;
			buildConfigurationList = C01FCF4E08A954540054247B /* Build configuration list for PBXProject "iRoc" */;
			compatibilityVersion = "Xcode 3.1";
			hasScannedForEncodings = 1;
			mainGroup = 29B97314FDCFA39411CA2CEA /* CustomTemplate */;
			projectDirPath = "";
			projectRoot = "";
			targets = (
				1D6058900D05DD3D006BFB54 /* iRoc */,
			);
		};
/* End PBXProject section */

/* Begin PBXResourcesBuildPhase section */
		1D60588D0D05DD3D006BFB54 /* Resources */ = {
			isa = PBXResourcesBuildPhase;
			buildActionMask = 2147483647;
			files = (
				28AD733F0D9D9553002E5188 /* MainWindow.xib in Resources */,
				2899E5220DE3E06400AC0155 /* iRocViewController.xib in Resources */,
				9C00EE6210B41B490098BA59 /* thumb.png in Resources */,
				9CDB1D5910B57C11001442F1 /* donedown.png in Resources */,
				9CDB1D5A10B57C11001442F1 /* doneup.png in Resources */,
				9C6FC84310B7CB0B009FD6FE /* tick.caf in Resources */,
				9C6FC8AF10B7CF05009FD6FE /* tap.aif in Resources */,
				9C343D3010B900E500750B22 /* Settings.bundle in Resources */,
				9CAFD95710B97B700029C16F /* Icon.png in Resources */,
				9CFDBF6610BD081600E9E9DE /* Entitlements.plist in Resources */,
				9CAF71A610CBE78D00392643 /* iRocAboutView.xib in Resources */,
				9CA62C8510CD0AF0008E37AB /* iRocLcTableView.xib in Resources */,
				9C31162F10CE624B005A009B /* iRocRtTableView.xib in Resources */,
				9CCF669510CFD0F100F5E110 /* iRocMenuTableView.xib in Resources */,
				9CBF101710CFE1CA00FF29DA /* iRocSwTableView.xib in Resources */,
				9CBF11DF10CFF15900FF29DA /* 0.png in Resources */,
				9CBF11E110CFF15900FF29DA /* 0v.png in Resources */,
				9CBF11E310CFF15900FF29DA /* 1.png in Resources */,
				9CBF11E510CFF15900FF29DA /* 1v.png in Resources */,
				9CBF11E710CFF15900FF29DA /* 2.png in Resources */,
				9CBF11E910CFF15900FF29DA /* 2v.png in Resources */,
				9CBF11EB10CFF15900FF29DA /* 3.png in Resources */,
				9CBF11ED10CFF15900FF29DA /* 3v.png in Resources */,
				9CBF11EF10CFF15900FF29DA /* 4.png in Resources */,
				9CBF11F110CFF15900FF29DA /* 4v.png in Resources */,
				9CBF11F310CFF15900FF29DA /* 5.png in Resources */,
				9CBF11F510CFF15900FF29DA /* 5v.png in Resources */,
				9CBF11F710CFF15900FF29DA /* 6.png in Resources */,
				9CBF11F910CFF15900FF29DA /* 6v.png in Resources */,
				9CBF11FB10CFF15900FF29DA /* 7.png in Resources */,
				9CBF11FD10CFF15900FF29DA /* 7v.png in Resources */,
				9CBF11FF10CFF15900FF29DA /* 8.png in Resources */,
				9CBF120110CFF15900FF29DA /* 8v.png in Resources */,
				9CBF120310CFF15900FF29DA /* 9.png in Resources */,
				9CBF120510CFF15900FF29DA /* 9v.png in Resources */,
				9CBF120710CFF15900FF29DA /* arrow-down.png in Resources */,
				9CBF120910CFF15900FF29DA /* arrow-left.png in Resources */,
				9CBF120B10CFF15900FF29DA /* arrow-right.png in Resources */,
				9CBF120D10CFF15900FF29DA /* arrow-up.png in Resources */,
				9CBF120F10CFF15900FF29DA /* auto.png in Resources */,
				9CBF121110CFF15900FF29DA /* block-l-1.png in Resources */,
				9CBF121310CFF15900FF29DA /* block-l-2.png in Resources */,
				9CBF121510CFF15900FF29DA /* block-r-1.png in Resources */,
				9CBF121710CFF15900FF29DA /* block-r-2.png in Resources */,
				9CBF121910CFF15900FF29DA /* buffer-1.png in Resources */,
				9CBF121B10CFF15900FF29DA /* buffer-2.png in Resources */,
				9CBF121D10CFF15900FF29DA /* buffer-3.png in Resources */,
				9CBF121F10CFF15900FF29DA /* buffer-4.png in Resources */,
				9CBF122510CFF15900FF29DA /* cross.png in Resources */,
				9CBF122710CFF15900FF29DA /* curve-1.png in Resources */,
				9CBF122910CFF15900FF29DA /* curve-2.png in Resources */,
				9CBF122B10CFF15900FF29DA /* curve-3.png in Resources */,
				9CBF122D10CFF15900FF29DA /* curve-4.png in Resources */,
				9CBF122F10CFF15900FF29DA /* dcross-ls-1.png in Resources */,
				9CBF123110CFF15900FF29DA /* dcross-ls-2.png in Resources */,
				9CBF123310CFF15900FF29DA /* dcross-ls-3.png in Resources */,
				9CBF123510CFF15900FF29DA /* dcross-ls-4.png in Resources */,
				9CBF123710CFF15900FF29DA /* dcross-lt-1.png in Resources */,
				9CBF123910CFF15900FF29DA /* dcross-lt-2.png in Resources */,
				9CBF123B10CFF15900FF29DA /* dcross-lt-3.png in Resources */,
				9CBF123D10CFF15900FF29DA /* dcross-lt-4.png in Resources */,
				9CBF123F10CFF15900FF29DA /* dcross-rs-1.png in Resources */,
				9CBF124110CFF15900FF29DA /* dcross-rs-2.png in Resources */,
				9CBF124310CFF15900FF29DA /* dcross-rs-3.png in Resources */,
				9CBF124510CFF15900FF29DA /* dcross-rs-4.png in Resources */,
				9CBF124710CFF15900FF29DA /* dcross-rt-1.png in Resources */,
				9CBF124910CFF15900FF29DA /* dcross-rt-2.png in Resources */,
				9CBF124B10CFF15900FF29DA /* dcross-rt-3.png in Resources */,
				9CBF124D10CFF15900FF29DA /* dcross-rt-4.png in Resources */,
				9CBF124F10CFF15900FF29DA /* decoupler-1.png in Resources */,
				9CBF125110CFF15900FF29DA /* decoupler-2.png in Resources */,
				9CBF125310CFF15900FF29DA /* direction.png in Resources */,
				9CBF125510CFF15900FF29DA /* enter.png in Resources */,
				9CBF125710CFF15900FF29DA /* f1.png in Resources */,
				9CBF125910CFF15900FF29DA /* f2.png in Resources */,
				9CBF125B10CFF15900FF29DA /* f3.png in Resources */,
				9CBF125D10CFF15900FF29DA /* f4.png in Resources */,
				9CBF125F10CFF15900FF29DA /* hyphen.png in Resources */,
				9CBF126110CFF15900FF29DA /* hyphenv.png in Resources */,
				9CBF126310CFF15900FF29DA /* light-off.png in Resources */,
				9CBF126510CFF15900FF29DA /* light-on.png in Resources */,
				9CBF126710CFF15900FF29DA /* power-off.png in Resources */,
				9CBF126910CFF15900FF29DA /* power-on.png in Resources */,
				9CBF126B10CFF15900FF29DA /* ric.png in Resources */,
				9CBF126D10CFF15900FF29DA /* semaphore-g-1.png in Resources */,
				9CBF126F10CFF15900FF29DA /* semaphore-g-2.png in Resources */,
				9CBF127110CFF15900FF29DA /* semaphore-g-3.png in Resources */,
				9CBF127310CFF15900FF29DA /* semaphore-g-4.png in Resources */,
				9CBF127510CFF15900FF29DA /* semaphore-r-1.png in Resources */,
				9CBF127710CFF15900FF29DA /* semaphore-r-2.png in Resources */,
				9CBF127910CFF15900FF29DA /* semaphore-r-3.png in Resources */,
				9CBF127B10CFF15900FF29DA /* semaphore-r-4.png in Resources */,
				9CBF127D10CFF15900FF29DA /* sensor-off-1.png in Resources */,
				9CBF127F10CFF15900FF29DA /* sensor-off-2.png in Resources */,
				9CBF128110CFF15900FF29DA /* sensor-on-1.png in Resources */,
				9CBF128310CFF15900FF29DA /* sensor-on-2.png in Resources */,
				9CBF128510CFF15900FF29DA /* signal-g-1.png in Resources */,
				9CBF128710CFF15900FF29DA /* signal-g-2.png in Resources */,
				9CBF128910CFF15900FF29DA /* signal-g-3.png in Resources */,
				9CBF128B10CFF15900FF29DA /* signal-g-4.png in Resources */,
				9CBF128D10CFF15900FF29DA /* signal-r-1.png in Resources */,
				9CBF128F10CFF15900FF29DA /* signal-r-2.png in Resources */,
				9CBF129110CFF15900FF29DA /* signal-r-3.png in Resources */,
				9CBF129310CFF15900FF29DA /* signal-r-4.png in Resources */,
				9CBF129510CFF15900FF29DA /* signal-y-1.png in Resources */,
				9CBF129710CFF15900FF29DA /* signal-y-2.png in Resources */,
				9CBF129910CFF15900FF29DA /* signal-y-3.png in Resources */,
				9CBF129B10CFF15900FF29DA /* signal-y-4.png in Resources */,
				9CBF129D10CFF15900FF29DA /* stop.png in Resources */,
				9CBF12A110CFF15900FF29DA /* track-1.png in Resources */,
				9CBF12A310CFF15900FF29DA /* track-2.png in Resources */,
				9CBF12A510CFF15900FF29DA /* turnout-ls-1.png in Resources */,
				9CBF12A710CFF15900FF29DA /* turnout-ls-2.png in Resources */,
				9CBF12A910CFF15900FF29DA /* turnout-ls-3.png in Resources */,
				9CBF12AB10CFF15900FF29DA /* turnout-ls-4.png in Resources */,
				9CBF12AD10CFF15900FF29DA /* turnout-lt-1.png in Resources */,
				9CBF12AF10CFF15900FF29DA /* turnout-lt-2.png in Resources */,
				9CBF12B110CFF15900FF29DA /* turnout-lt-3.png in Resources */,
				9CBF12B310CFF15900FF29DA /* turnout-lt-4.png in Resources */,
				9CBF12B510CFF15900FF29DA /* turnout-rs-1.png in Resources */,
				9CBF12B710CFF15900FF29DA /* turnout-rs-2.png in Resources */,
				9CBF12B910CFF15900FF29DA /* turnout-rs-3.png in Resources */,
				9CBF12BB10CFF15900FF29DA /* turnout-rs-4.png in Resources */,
				9CBF12BD10CFF15900FF29DA /* turnout-rt-1.png in Resources */,
				9CBF12BF10CFF15900FF29DA /* turnout-rt-2.png in Resources */,
				9CBF12C110CFF15900FF29DA /* turnout-rt-3.png in Resources */,
				9CBF12C310CFF15900FF29DA /* turnout-rt-4.png in Resources */,
				9C39142510D00BE400F9C42D /* iRocCoTableView.xib in Resources */,
				9CDDE84610E25BAB00920C87 /* Default.png in Resources */,
			);
			runOnlyForDeploymentPostprocessing = 0;
		};
/* End PBXResourcesBuildPhase section */

/* Begin PBXSourcesBuildPhase section */
		1D60588E0D05DD3D006BFB54 /* Sources */ = {
			isa = PBXSourcesBuildPhase;
			buildActionMask = 2147483647;
			files = (
				1D60589B0D05DD56006BFB54 /* main.m in Sources */,
				1D3623260D0F684500981E51 /* iRocAppDelegate.m in Sources */,
				28D7ACF80DDB3853001CB0EB /* iRocViewController.m in Sources */,
				9C00EAC610B3C5820098BA59 /* IRocConnector.m in Sources */,
				9CDB1B3410B533F9001442F1 /* iRocTouchView.m in Sources */,
				9CDB1BE610B54843001442F1 /* iRocView.m in Sources */,
				9C72869310B81A4200567A8A /* iRocButton.m in Sources */,
				9C7F1BE910CBF2A900ACF0A7 /* iRocAboutView.m in Sources */,
				9CA62C8410CD0AF0008E37AB /* iRocLcTableView.m in Sources */,
				9CA62C9110CD0B6C008E37AB /* Loc.m in Sources */,
				9C31162E10CE624B005A009B /* iRocRtTableView.m in Sources */,
				9CE17DD910CE857B00170A98 /* Route.m in Sources */,
				9CBF0FDB10CFDC7E00FF29DA /* iRocMenuTableView.m in Sources */,
				9CBF100210CFE0DE00FF29DA /* Switch.m in Sources */,
				9CBF101610CFE1CA00FF29DA /* iRocSwTableView.m in Sources */,
				9C39142010D00B6600F9C42D /* Output.m in Sources */,
				9C39142410D00BE400F9C42D /* iRocCoTableView.m in Sources */,
				9C5CF49C10D130720043D544 /* iRocTableView.m in Sources */,
				9C713ED310D4E1D300C222B8 /* iRocLocProps.m in Sources */,
			);
			runOnlyForDeploymentPostprocessing = 0;
		};
/* End PBXSourcesBuildPhase section */

/* Begin XCBuildConfiguration section */
		1D6058940D05DD3E006BFB54 /* Debug */ = {
			isa = XCBuildConfiguration;
			buildSettings = {
				ALWAYS_SEARCH_USER_PATHS = NO;
				"CODE_SIGN_IDENTITY[sdk=iphoneos*]" = "iPhone Developer";
				COPY_PHASE_STRIP = NO;
				GCC_DYNAMIC_NO_PIC = NO;
				GCC_OPTIMIZATION_LEVEL = 0;
				GCC_PRECOMPILE_PREFIX_HEADER = YES;
				GCC_PREFIX_HEADER = iRoc_Prefix.pch;
				INFOPLIST_FILE = "iRoc-Info.plist";
				PRODUCT_NAME = iRoc;
				"PROVISIONING_PROFILE[sdk=iphoneos*]" = "";
			};
			name = Debug;
		};
		1D6058950D05DD3E006BFB54 /* Release */ = {
			isa = XCBuildConfiguration;
			buildSettings = {
				ALWAYS_SEARCH_USER_PATHS = NO;
				COPY_PHASE_STRIP = YES;
				GCC_PRECOMPILE_PREFIX_HEADER = YES;
				GCC_PREFIX_HEADER = iRoc_Prefix.pch;
				INFOPLIST_FILE = "iRoc-Info.plist";
				PRODUCT_NAME = iRoc;
			};
			name = Release;
		};
		9C284E9A10BBB7BE000D853D /* Distribution */ = {
			isa = XCBuildConfiguration;
			buildSettings = {
				ARCHS = "$(ARCHS_STANDARD_32_BIT)";
				"CODE_SIGN_IDENTITY[sdk=iphoneos*]" = "iPhone Distribution: Rob Versluis";
				CURRENT_PROJECT_VERSION = 0.2;
				GCC_C_LANGUAGE_STANDARD = c99;
				GCC_WARN_ABOUT_RETURN_TYPE = YES;
				GCC_WARN_UNUSED_VARIABLE = YES;
				PREBINDING = NO;
				"PROVISIONING_PROFILE[sdk=iphoneos*]" = "EFCA3D28-770A-4D9C-BFA2-E0ED8B3D6AB1";
				SDKROOT = iphoneos3.1.2;
			};
			name = Distribution;
		};
		9C284E9B10BBB7BE000D853D /* Distribution */ = {
			isa = XCBuildConfiguration;
			buildSettings = {
				ALWAYS_SEARCH_USER_PATHS = NO;
				CODE_SIGN_ENTITLEMENTS = Entitlements.plist;
				COPY_PHASE_STRIP = YES;
				GCC_PRECOMPILE_PREFIX_HEADER = YES;
				GCC_PREFIX_HEADER = iRoc_Prefix.pch;
				INFOPLIST_FILE = "iRoc-Info.plist";
				PRODUCT_NAME = iRoc;
			};
			name = Distribution;
		};
		C01FCF4F08A954540054247B /* Debug */ = {
			isa = XCBuildConfiguration;
			buildSettings = {
				ARCHS = "$(ARCHS_STANDARD_32_BIT)";
				"CODE_SIGN_IDENTITY[sdk=iphoneos*]" = "iPhone Developer";
				GCC_C_LANGUAGE_STANDARD = c99;
				GCC_WARN_ABOUT_RETURN_TYPE = YES;
				GCC_WARN_UNUSED_VARIABLE = YES;
				PREBINDING = NO;
				SDKROOT = iphoneos3.1.2;
			};
			name = Debug;
		};
		C01FCF5008A954540054247B /* Release */ = {
			isa = XCBuildConfiguration;
			buildSettings = {
				ARCHS = "$(ARCHS_STANDARD_32_BIT)";
				"CODE_SIGN_IDENTITY[sdk=iphoneos*]" = "iPhone Developer";
				GCC_C_LANGUAGE_STANDARD = c99;
				GCC_WARN_ABOUT_RETURN_TYPE = YES;
				GCC_WARN_UNUSED_VARIABLE = YES;
				PREBINDING = NO;
				SDKROOT = iphoneos3.1.2;
			};
			name = Release;
		};
/* End XCBuildConfiguration section */

/* Begin XCConfigurationList section */
		1D6058960D05DD3E006BFB54 /* Build configuration list for PBXNativeTarget "iRoc" */ = {
			isa = XCConfigurationList;
			buildConfigurations = (
				1D6058940D05DD3E006BFB54 /* Debug */,
				1D6058950D05DD3E006BFB54 /* Release */,
				9C284E9B10BBB7BE000D853D /* Distribution */,
			);
			defaultConfigurationIsVisible = 0;
			defaultConfigurationName = Release;
		};
		C01FCF4E08A954540054247B /* Build configuration list for PBXProject "iRoc" */ = {
			isa = XCConfigurationList;
			buildConfigurations = (
				C01FCF4F08A954540054247B /* Debug */,
				C01FCF5008A954540054247B /* Release */,
				9C284E9A10BBB7BE000D853D /* Distribution */,
			);
			defaultConfigurationIsVisible = 0;
			defaultConfigurationName = Release;
		};
/* End XCConfigurationList section */
	};
	rootObject = 29B97313FDCFA39411CA2CEA /* Project object */;
}
